
Microsoft Visual Studio Solution File, Format Version 12.00
# Visual Studio Version 17
VisualStudioVersion = 17.2.32630.192
MinimumVisualStudioVersion = 10.0.40219.1
Project("{9A19103F-16F7-4668-BE54-9A1E7A4F7556}") = "R5T.H0001.S000", "R5T.H0001.S000\R5T.H0001.S000.csproj", "{DE7478FF-B45A-4D32-A8C7-80C96363CA80}"
EndProject
Project("{9A19103F-16F7-4668-BE54-9A1E7A4F7556}") = "R5T.H0001", "R5T.H0001\R5T.H0001.csproj", "{1A28F205-4392-49D9-9AC5-D5DDF5B5E85A}"
EndProject
Project("{2150E333-8FDC-42A3-9474-1A3956D46DE8}") = "_Dependencies", "_Dependencies", "{C5A8FEE3-635C-48CB-A746-41C68785E45A}"
EndProject
Project("{9A19103F-16F7-4668-BE54-9A1E7A4F7556}") = "R5T.F0000", "..\..\R5T.F0000\source\R5T.F0000\R5T.F0000.csproj", "{260BB665-0566-4402-B726-444A45D08506}"
EndProject
Project("{9A19103F-16F7-4668-BE54-9A1E7A4F7556}") = "R5T.F0002", "..\..\R5T.F0002\source\R5T.F0002\R5T.F0002.csproj", "{029BD2F9-4CFC-4CD0-94CC-01679179AAB4}"
EndProject
Project("{9A19103F-16F7-4668-BE54-9A1E7A4F7556}") = "R5T.F0059", "..\..\R5T.F0059\source\R5T.F0059\R5T.F0059.csproj", "{F8E61FC3-23AD-4B79-B12B-204790951DB1}"
EndProject
Project("{9A19103F-16F7-4668-BE54-9A1E7A4F7556}") = "R5T.F0120", "..\..\R5T.F0120\source\R5T.F0120\R5T.F0120.csproj", "{71889F04-6587-4DC9-A131-FEB9197D5762}"
EndProject
Project("{9A19103F-16F7-4668-BE54-9A1E7A4F7556}") = "R5T.F0124", "..\..\R5T.F0124\source\R5T.F0124\R5T.F0124.csproj", "{B4AEEA79-8A56-4B5C-9048-D4D131244D21}"
EndProject
Project("{9A19103F-16F7-4668-BE54-9A1E7A4F7556}") = "R5T.F0125", "..\..\R5T.F0125\source\R5T.F0125\R5T.F0125.csproj", "{617BAE18-76CB-4589-AC0C-18653946F3FF}"
EndProject
Project("{9A19103F-16F7-4668-BE54-9A1E7A4F7556}") = "R5T.L0030.T000", "..\..\R5T.L0030\source\R5T.L0030.T000\R5T.L0030.T000.csproj", "{EB0B37EA-37A1-4BE1-954A-FF96D97934F9}"
EndProject
Project("{9A19103F-16F7-4668-BE54-9A1E7A4F7556}") = "R5T.L0030", "..\..\R5T.L0030\source\R5T.L0030\R5T.L0030.csproj", "{EF6A7501-9755-41BD-A621-B03AD54A078E}"
EndProject
Project("{9A19103F-16F7-4668-BE54-9A1E7A4F7556}") = "R5T.L0034", "..\..\R5T.L0034\source\R5T.L0034\R5T.L0034.csproj", "{003CDBA8-F263-4AF2-8A0F-9599B99CA320}"
EndProject
Project("{9A19103F-16F7-4668-BE54-9A1E7A4F7556}") = "R5T.L0035", "..\..\R5T.L0035\source\R5T.L0035\R5T.L0035.csproj", "{ACDA4030-37FC-40EB-9211-16BB8F7855EA}"
EndProject
Project("{9A19103F-16F7-4668-BE54-9A1E7A4F7556}") = "R5T.L0053", "..\..\R5T.L0053\source\R5T.L0053\R5T.L0053.csproj", "{563E16C5-C2D4-489A-AAC0-B5F17E76F37C}"
EndProject
Project("{9A19103F-16F7-4668-BE54-9A1E7A4F7556}") = "R5T.L0056", "..\..\R5T.L0056\source\R5T.L0056\R5T.L0056.csproj", "{B5EB32F1-D20A-4BA2-B8F5-BDB2C8DAF1BE}"
EndProject
Project("{9A19103F-16F7-4668-BE54-9A1E7A4F7556}") = "R5T.L0066", "..\..\R5T.L0066\source\R5T.L0066\R5T.L0066.csproj", "{7A7FF572-8890-4D67-AEA0-D614928CA0B6}"
EndProject
Project("{9A19103F-16F7-4668-BE54-9A1E7A4F7556}") = "R5T.L0071", "..\..\R5T.L0071\source\R5T.L0071\R5T.L0071.csproj", "{3D33CB86-9AF1-49A0-A160-F888B326755F}"
EndProject
Project("{9A19103F-16F7-4668-BE54-9A1E7A4F7556}") = "R5T.L0074", "..\..\R5T.L0074\source\R5T.L0074\R5T.L0074.csproj", "{C7D97139-5C57-46B4-9788-E03E699DA2E6}"
EndProject
Project("{9A19103F-16F7-4668-BE54-9A1E7A4F7556}") = "R5T.L0089.F000", "..\..\R5T.L0089\source\R5T.L0089.F000\R5T.L0089.F000.csproj", "{89268BCC-D9DE-4F00-8B17-36583D3E1A71}"
EndProject
Project("{9A19103F-16F7-4668-BE54-9A1E7A4F7556}") = "R5T.L0089.T000", "..\..\R5T.L0089\source\R5T.L0089.T000\R5T.L0089.T000.csproj", "{31EC4F94-4161-4368-B0B5-0684CC2227BD}"
EndProject
Project("{9A19103F-16F7-4668-BE54-9A1E7A4F7556}") = "R5T.L0089", "..\..\R5T.L0089\source\R5T.L0089\R5T.L0089.csproj", "{C41DCBB7-C191-4243-9335-2B88C29850AA}"
EndProject
Project("{9A19103F-16F7-4668-BE54-9A1E7A4F7556}") = "R5T.NG0006", "..\..\R5T.NG0006\source\R5T.NG0006\R5T.NG0006.csproj", "{AF42ED4A-354B-4B7F-9121-DC475EF19C81}"
EndProject
Project("{9A19103F-16F7-4668-BE54-9A1E7A4F7556}") = "R5T.NG0022", "..\..\R5T.NG0022\source\R5T.NG0022\R5T.NG0022.csproj", "{D9326EF7-BAAE-4BCF-A51D-E951608B9FE7}"
EndProject
Project("{9A19103F-16F7-4668-BE54-9A1E7A4F7556}") = "R5T.T0131", "..\..\R5T.T0131\source\R5T.T0131\R5T.T0131.csproj", "{A14A16CF-8149-43FB-9D33-F39AC082F53F}"
EndProject
Project("{9A19103F-16F7-4668-BE54-9A1E7A4F7556}") = "R5T.T0132", "..\..\R5T.T0132\source\R5T.T0132\R5T.T0132.csproj", "{C12CB4AA-1422-4426-B407-183ECCD072C8}"
EndProject
Project("{9A19103F-16F7-4668-BE54-9A1E7A4F7556}") = "R5T.T0142", "..\..\R5T.T0142\source\R5T.T0142\R5T.T0142.csproj", "{BFC60A9D-4CE6-461E-B8C6-0B43BA8CA3AF}"
EndProject
Project("{9A19103F-16F7-4668-BE54-9A1E7A4F7556}") = "R5T.T0143", "..\..\R5T.T0143\source\R5T.T0143\R5T.T0143.csproj", "{D46856EB-7408-45AF-9363-B5AED21430AE}"
EndProject
Project("{9A19103F-16F7-4668-BE54-9A1E7A4F7556}") = "R5T.T0150", "..\..\R5T.T0150\source\R5T.T0150\R5T.T0150.csproj", "{AE191FF5-3CFF-4380-973C-F843F15B689A}"
EndProject
Project("{9A19103F-16F7-4668-BE54-9A1E7A4F7556}") = "R5T.T0151", "..\..\R5T.T0151\source\R5T.T0151\R5T.T0151.csproj", "{24067D19-C3C8-4B1C-81BE-49F1A7ACB5B0}"
EndProject
Project("{9A19103F-16F7-4668-BE54-9A1E7A4F7556}") = "R5T.T0156", "..\..\R5T.T0156\source\R5T.T0156\R5T.T0156.csproj", "{B2EF35D8-F10D-4309-B430-BE3581805CA7}"
EndProject
Project("{9A19103F-16F7-4668-BE54-9A1E7A4F7556}") = "R5T.T0158", "..\..\R5T.T0158\source\R5T.T0158\R5T.T0158.csproj", "{8DED1BFB-986F-4DC8-A346-6CABA06B5845}"
EndProject
Project("{9A19103F-16F7-4668-BE54-9A1E7A4F7556}") = "R5T.T0159", "..\..\R5T.T0159\source\R5T.T0159\R5T.T0159.csproj", "{2621312B-085B-4606-8048-C652CCBDC60B}"
EndProject
Project("{9A19103F-16F7-4668-BE54-9A1E7A4F7556}") = "R5T.T0172", "..\..\R5T.T0172\source\R5T.T0172\R5T.T0172.csproj", "{01474B40-C081-4BBA-BE54-B806E6947120}"
EndProject
Project("{9A19103F-16F7-4668-BE54-9A1E7A4F7556}") = "R5T.T0174", "..\..\R5T.T0174\source\R5T.T0174\R5T.T0174.csproj", "{11F22D09-BB18-4DCE-84FE-F255EFBC8859}"
EndProject
Project("{9A19103F-16F7-4668-BE54-9A1E7A4F7556}") = "R5T.T0176", "..\..\R5T.T0176\source\R5T.T0176\R5T.T0176.csproj", "{A73C4B84-2D5E-4CCC-854E-A943068C414E}"
EndProject
Project("{9A19103F-16F7-4668-BE54-9A1E7A4F7556}") = "R5T.T0177", "..\..\R5T.T0177\source\R5T.T0177\R5T.T0177.csproj", "{709DCD57-DCF6-48D3-8793-489FA6338A23}"
EndProject
Project("{9A19103F-16F7-4668-BE54-9A1E7A4F7556}") = "R5T.T0178", "..\..\R5T.T0178\source\R5T.T0178\R5T.T0178.csproj", "{BC9FBE74-E0FC-4712-B901-8F7D24754572}"
EndProject
Project("{9A19103F-16F7-4668-BE54-9A1E7A4F7556}") = "R5T.T0179", "..\..\R5T.T0179\source\R5T.T0179\R5T.T0179.csproj", "{879EE963-4D90-496C-8A1D-5B0D21E3781F}"
EndProject
Project("{9A19103F-16F7-4668-BE54-9A1E7A4F7556}") = "R5T.T0180", "..\..\R5T.T0180\source\R5T.T0180\R5T.T0180.csproj", "{031B4128-D84C-481E-A851-5C751F1FD9C6}"
EndProject
Project("{9A19103F-16F7-4668-BE54-9A1E7A4F7556}") = "R5T.T0181", "..\..\R5T.T0181\source\R5T.T0181\R5T.T0181.csproj", "{8AF9229A-9220-4F01-B499-1BC28BAFA510}"
EndProject
Project("{9A19103F-16F7-4668-BE54-9A1E7A4F7556}") = "R5T.T0185", "..\..\R5T.T0185\source\R5T.T0185\R5T.T0185.csproj", "{0428C1D5-5C1A-4362-A8FD-69B67076D1C2}"
EndProject
Project("{9A19103F-16F7-4668-BE54-9A1E7A4F7556}") = "R5T.T0199.T000", "..\..\R5T.T0199\source\R5T.T0199.T000\R5T.T0199.T000.csproj", "{A91C8670-231B-4FA2-B4B0-0CE8497DCFA8}"
EndProject
Project("{9A19103F-16F7-4668-BE54-9A1E7A4F7556}") = "R5T.T0199.T001", "..\..\R5T.T0199\source\R5T.T0199.T001\R5T.T0199.T001.csproj", "{35FC66F6-934A-4BB5-B048-D333321DF3B7}"
EndProject
Project("{9A19103F-16F7-4668-BE54-9A1E7A4F7556}") = "R5T.T0199", "..\..\R5T.T0199\source\R5T.T0199\R5T.T0199.csproj", "{96B0473D-F2EC-4B7E-BF59-0FDD0CEB5780}"
EndProject
Project("{9A19103F-16F7-4668-BE54-9A1E7A4F7556}") = "R5T.T0203", "..\..\R5T.T0203\source\R5T.T0203\R5T.T0203.csproj", "{63C8A5EB-5F03-4574-8EAD-29B865D3754D}"
EndProject
Project("{9A19103F-16F7-4668-BE54-9A1E7A4F7556}") = "R5T.T0213", "..\..\R5T.T0213\source\R5T.T0213\R5T.T0213.csproj", "{0B4D040B-3C9B-46C3-A7C9-7A65B3063584}"
EndProject
Project("{9A19103F-16F7-4668-BE54-9A1E7A4F7556}") = "R5T.T0218", "..\..\R5T.T0218\source\R5T.T0218\R5T.T0218.csproj", "{1BFA70C4-A7D3-4A82-8C15-5E977146FE79}"
EndProject
Project("{9A19103F-16F7-4668-BE54-9A1E7A4F7556}") = "R5T.T0219", "..\..\R5T.T0219\source\R5T.T0219\R5T.T0219.csproj", "{168FA2A2-40B3-46B2-AF34-05C5D9EFD5EC}"
EndProject
Project("{9A19103F-16F7-4668-BE54-9A1E7A4F7556}") = "R5T.T0220", "..\..\R5T.T0220\source\R5T.T0220\R5T.T0220.csproj", "{0967231E-1F6D-4820-B738-BA86464712E7}"
EndProject
Project("{9A19103F-16F7-4668-BE54-9A1E7A4F7556}") = "R5T.T0221", "..\..\R5T.T0221\source\R5T.T0221\R5T.T0221.csproj", "{C8E60FCB-43F7-40C0-A1AB-9580672F5A32}"
EndProject
Project("{9A19103F-16F7-4668-BE54-9A1E7A4F7556}") = "R5T.T0227", "..\..\R5T.T0227\source\R5T.T0227\R5T.T0227.csproj", "{595A905B-3EA7-43E9-980E-C0968CFD24E0}"
EndProject
Project("{9A19103F-16F7-4668-BE54-9A1E7A4F7556}") = "R5T.T0241", "..\..\R5T.T0241\source\R5T.T0241\R5T.T0241.csproj", "{1A6930FB-2A0C-4DB6-AEAF-178E659B4FF7}"
EndProject
Project("{9A19103F-16F7-4668-BE54-9A1E7A4F7556}") = "R5T.Y0000", "..\..\R5T.Y0000\source\R5T.Y0000\R5T.Y0000.csproj", "{012612DA-BCA2-4F7A-902B-23D90BF01DCB}"
EndProject
Project("{9A19103F-16F7-4668-BE54-9A1E7A4F7556}") = "R5T.Y0006", "..\..\R5T.Y0006\source\R5T.Y0006\R5T.Y0006.csproj", "{327B4017-969F-4EED-BE1B-9A8408D75569}"
EndProject
Project("{9A19103F-16F7-4668-BE54-9A1E7A4F7556}") = "R5T.Z0000", "..\..\R5T.Z0000\source\R5T.Z0000\R5T.Z0000.csproj", "{5C836CDF-9EC6-416C-B3C6-7C701CF49779}"
EndProject
Project("{9A19103F-16F7-4668-BE54-9A1E7A4F7556}") = "R5T.Z0010.Platform", "..\..\R5T.Z0010\source\R5T.Z0010.Platform\R5T.Z0010.Platform.csproj", "{EC741EC1-0BCB-4348-9AAB-F89EB259FE0B}"
EndProject
Project("{9A19103F-16F7-4668-BE54-9A1E7A4F7556}") = "R5T.Z0010", "..\..\R5T.Z0010\source\R5T.Z0010\R5T.Z0010.csproj", "{16CCF55B-3926-493B-9601-7827D6A81EB9}"
EndProject
Project("{9A19103F-16F7-4668-BE54-9A1E7A4F7556}") = "R5T.Z0057.Platform", "..\..\R5T.Z0057\source\R5T.Z0057.Platform\R5T.Z0057.Platform.csproj", "{391EAEE3-F958-498F-9A87-B6ED4C24B0DF}"
EndProject
Project("{9A19103F-16F7-4668-BE54-9A1E7A4F7556}") = "R5T.Z0057", "..\..\R5T.Z0057\source\R5T.Z0057\R5T.Z0057.csproj", "{0443C0D4-A15A-4C7A-A5A0-DA12EDE869E3}"
EndProject
Project("{9A19103F-16F7-4668-BE54-9A1E7A4F7556}") = "R5T.Z0058", "..\..\R5T.Z0058\source\R5T.Z0058\R5T.Z0058.csproj", "{37B919E2-6873-4D46-8D0E-56E43E2846D6}"
EndProject
Project("{9A19103F-16F7-4668-BE54-9A1E7A4F7556}") = "R5T.NG0026", "..\..\R5T.NG0026\source\R5T.NG0026\R5T.NG0026.csproj", "{46301A3B-1794-488C-95D2-962D8A1AE405}"
EndProject
Project("{9A19103F-16F7-4668-BE54-9A1E7A4F7556}") = "R5T.NG0025", "..\..\R5T.NG0025\source\R5T.NG0025\R5T.NG0025.csproj", "{5041C470-CAC0-4991-A366-3E66A655B967}"
EndProject
Project("{9A19103F-16F7-4668-BE54-9A1E7A4F7556}") = "R5T.L0072", "..\..\R5T.L0072\source\R5T.L0072\R5T.L0072.csproj", "{CA56BE30-D32B-4072-AEC6-7872FAADD81A}"
EndProject
Project("{9A19103F-16F7-4668-BE54-9A1E7A4F7556}") = "R5T.S0112.T001", "..\..\R5T.S0112.Private\source\R5T.S0112.T001\R5T.S0112.T001.csproj", "{F8F402B2-90C7-4F88-94E2-AE7B582EE7A3}"
EndProject
Project("{9A19103F-16F7-4668-BE54-9A1E7A4F7556}") = "R5T.T0249", "..\..\R5T.T0249\source\R5T.T0249\R5T.T0249.csproj", "{8DD17265-DE9E-4143-BA80-95E48527995B}"
EndProject
Project("{9A19103F-16F7-4668-BE54-9A1E7A4F7556}") = "R5T.L0090.T000", "..\..\R5T.L0090\source\R5T.L0090.T000\R5T.L0090.T000.csproj", "{2726FA07-401E-4EE6-9AC7-20AA385C78F3}"
EndProject
Project("{9A19103F-16F7-4668-BE54-9A1E7A4F7556}") = "R5T.T0238", "..\..\R5T.T0238\source\R5T.T0238\R5T.T0238.csproj", "{9FACB9C8-BF8B-4A0C-BE77-450BAD7BA42D}"
EndProject
Project("{9A19103F-16F7-4668-BE54-9A1E7A4F7556}") = "R5T.T0250", "..\..\R5T.T0250\source\R5T.T0250\R5T.T0250.csproj", "{54427E30-3B9A-4442-8032-DC3B64C58A3E}"
EndProject
Global
	GlobalSection(NestedProjects) = preSolution
		{260BB665-0566-4402-B726-444A45D08506} = {C5A8FEE3-635C-48CB-A746-41C68785E45A}
		{029BD2F9-4CFC-4CD0-94CC-01679179AAB4} = {C5A8FEE3-635C-48CB-A746-41C68785E45A}
		{F8E61FC3-23AD-4B79-B12B-204790951DB1} = {C5A8FEE3-635C-48CB-A746-41C68785E45A}
		{71889F04-6587-4DC9-A131-FEB9197D5762} = {C5A8FEE3-635C-48CB-A746-41C68785E45A}
		{B4AEEA79-8A56-4B5C-9048-D4D131244D21} = {C5A8FEE3-635C-48CB-A746-41C68785E45A}
		{617BAE18-76CB-4589-AC0C-18653946F3FF} = {C5A8FEE3-635C-48CB-A746-41C68785E45A}
		{EB0B37EA-37A1-4BE1-954A-FF96D97934F9} = {C5A8FEE3-635C-48CB-A746-41C68785E45A}
		{EF6A7501-9755-41BD-A621-B03AD54A078E} = {C5A8FEE3-635C-48CB-A746-41C68785E45A}
		{003CDBA8-F263-4AF2-8A0F-9599B99CA320} = {C5A8FEE3-635C-48CB-A746-41C68785E45A}
		{ACDA4030-37FC-40EB-9211-16BB8F7855EA} = {C5A8FEE3-635C-48CB-A746-41C68785E45A}
		{563E16C5-C2D4-489A-AAC0-B5F17E76F37C} = {C5A8FEE3-635C-48CB-A746-41C68785E45A}
		{B5EB32F1-D20A-4BA2-B8F5-BDB2C8DAF1BE} = {C5A8FEE3-635C-48CB-A746-41C68785E45A}
		{7A7FF572-8890-4D67-AEA0-D614928CA0B6} = {C5A8FEE3-635C-48CB-A746-41C68785E45A}
		{3D33CB86-9AF1-49A0-A160-F888B326755F} = {C5A8FEE3-635C-48CB-A746-41C68785E45A}
		{C7D97139-5C57-46B4-9788-E03E699DA2E6} = {C5A8FEE3-635C-48CB-A746-41C68785E45A}
		{89268BCC-D9DE-4F00-8B17-36583D3E1A71} = {C5A8FEE3-635C-48CB-A746-41C68785E45A}
		{31EC4F94-4161-4368-B0B5-0684CC2227BD} = {C5A8FEE3-635C-48CB-A746-41C68785E45A}
		{C41DCBB7-C191-4243-9335-2B88C29850AA} = {C5A8FEE3-635C-48CB-A746-41C68785E45A}
		{AF42ED4A-354B-4B7F-9121-DC475EF19C81} = {C5A8FEE3-635C-48CB-A746-41C68785E45A}
		{D9326EF7-BAAE-4BCF-A51D-E951608B9FE7} = {C5A8FEE3-635C-48CB-A746-41C68785E45A}
		{A14A16CF-8149-43FB-9D33-F39AC082F53F} = {C5A8FEE3-635C-48CB-A746-41C68785E45A}
		{C12CB4AA-1422-4426-B407-183ECCD072C8} = {C5A8FEE3-635C-48CB-A746-41C68785E45A}
		{BFC60A9D-4CE6-461E-B8C6-0B43BA8CA3AF} = {C5A8FEE3-635C-48CB-A746-41C68785E45A}
		{D46856EB-7408-45AF-9363-B5AED21430AE} = {C5A8FEE3-635C-48CB-A746-41C68785E45A}
		{AE191FF5-3CFF-4380-973C-F843F15B689A} = {C5A8FEE3-635C-48CB-A746-41C68785E45A}
		{24067D19-C3C8-4B1C-81BE-49F1A7ACB5B0} = {C5A8FEE3-635C-48CB-A746-41C68785E45A}
		{B2EF35D8-F10D-4309-B430-BE3581805CA7} = {C5A8FEE3-635C-48CB-A746-41C68785E45A}
		{8DED1BFB-986F-4DC8-A346-6CABA06B5845} = {C5A8FEE3-635C-48CB-A746-41C68785E45A}
		{2621312B-085B-4606-8048-C652CCBDC60B} = {C5A8FEE3-635C-48CB-A746-41C68785E45A}
		{01474B40-C081-4BBA-BE54-B806E6947120} = {C5A8FEE3-635C-48CB-A746-41C68785E45A}
		{11F22D09-BB18-4DCE-84FE-F255EFBC8859} = {C5A8FEE3-635C-48CB-A746-41C68785E45A}
		{A73C4B84-2D5E-4CCC-854E-A943068C414E} = {C5A8FEE3-635C-48CB-A746-41C68785E45A}
		{709DCD57-DCF6-48D3-8793-489FA6338A23} = {C5A8FEE3-635C-48CB-A746-41C68785E45A}
		{BC9FBE74-E0FC-4712-B901-8F7D24754572} = {C5A8FEE3-635C-48CB-A746-41C68785E45A}
		{879EE963-4D90-496C-8A1D-5B0D21E3781F} = {C5A8FEE3-635C-48CB-A746-41C68785E45A}
		{031B4128-D84C-481E-A851-5C751F1FD9C6} = {C5A8FEE3-635C-48CB-A746-41C68785E45A}
		{8AF9229A-9220-4F01-B499-1BC28BAFA510} = {C5A8FEE3-635C-48CB-A746-41C68785E45A}
		{0428C1D5-5C1A-4362-A8FD-69B67076D1C2} = {C5A8FEE3-635C-48CB-A746-41C68785E45A}
		{A91C8670-231B-4FA2-B4B0-0CE8497DCFA8} = {C5A8FEE3-635C-48CB-A746-41C68785E45A}
		{35FC66F6-934A-4BB5-B048-D333321DF3B7} = {C5A8FEE3-635C-48CB-A746-41C68785E45A}
		{96B0473D-F2EC-4B7E-BF59-0FDD0CEB5780} = {C5A8FEE3-635C-48CB-A746-41C68785E45A}
		{63C8A5EB-5F03-4574-8EAD-29B865D3754D} = {C5A8FEE3-635C-48CB-A746-41C68785E45A}
		{0B4D040B-3C9B-46C3-A7C9-7A65B3063584} = {C5A8FEE3-635C-48CB-A746-41C68785E45A}
		{1BFA70C4-A7D3-4A82-8C15-5E977146FE79} = {C5A8FEE3-635C-48CB-A746-41C68785E45A}
		{168FA2A2-40B3-46B2-AF34-05C5D9EFD5EC} = {C5A8FEE3-635C-48CB-A746-41C68785E45A}
		{0967231E-1F6D-4820-B738-BA86464712E7} = {C5A8FEE3-635C-48CB-A746-41C68785E45A}
		{C8E60FCB-43F7-40C0-A1AB-9580672F5A32} = {C5A8FEE3-635C-48CB-A746-41C68785E45A}
		{595A905B-3EA7-43E9-980E-C0968CFD24E0} = {C5A8FEE3-635C-48CB-A746-41C68785E45A}
		{1A6930FB-2A0C-4DB6-AEAF-178E659B4FF7} = {C5A8FEE3-635C-48CB-A746-41C68785E45A}
		{012612DA-BCA2-4F7A-902B-23D90BF01DCB} = {C5A8FEE3-635C-48CB-A746-41C68785E45A}
		{327B4017-969F-4EED-BE1B-9A8408D75569} = {C5A8FEE3-635C-48CB-A746-41C68785E45A}
		{5C836CDF-9EC6-416C-B3C6-7C701CF49779} = {C5A8FEE3-635C-48CB-A746-41C68785E45A}
		{EC741EC1-0BCB-4348-9AAB-F89EB259FE0B} = {C5A8FEE3-635C-48CB-A746-41C68785E45A}
		{16CCF55B-3926-493B-9601-7827D6A81EB9} = {C5A8FEE3-635C-48CB-A746-41C68785E45A}
		{391EAEE3-F958-498F-9A87-B6ED4C24B0DF} = {C5A8FEE3-635C-48CB-A746-41C68785E45A}
		{0443C0D4-A15A-4C7A-A5A0-DA12EDE869E3} = {C5A8FEE3-635C-48CB-A746-41C68785E45A}
		{37B919E2-6873-4D46-8D0E-56E43E2846D6} = {C5A8FEE3-635C-48CB-A746-41C68785E45A}
		{46301A3B-1794-488C-95D2-962D8A1AE405} = {C5A8FEE3-635C-48CB-A746-41C68785E45A}
		{5041C470-CAC0-4991-A366-3E66A655B967} = {C5A8FEE3-635C-48CB-A746-41C68785E45A}
		{CA56BE30-D32B-4072-AEC6-7872FAADD81A} = {C5A8FEE3-635C-48CB-A746-41C68785E45A}
		{F8F402B2-90C7-4F88-94E2-AE7B582EE7A3} = {C5A8FEE3-635C-48CB-A746-41C68785E45A}
		{8DD17265-DE9E-4143-BA80-95E48527995B} = {C5A8FEE3-635C-48CB-A746-41C68785E45A}
		{2726FA07-401E-4EE6-9AC7-20AA385C78F3} = {C5A8FEE3-635C-48CB-A746-41C68785E45A}
		{9FACB9C8-BF8B-4A0C-BE77-450BAD7BA42D} = {C5A8FEE3-635C-48CB-A746-41C68785E45A}
		{54427E30-3B9A-4442-8032-DC3B64C58A3E} = {C5A8FEE3-635C-48CB-A746-41C68785E45A}
	EndGlobalSection
	GlobalSection(SolutionConfigurationPlatforms) = preSolution
		Debug|Any CPU = Debug|Any CPU
		Release|Any CPU = Release|Any CPU
	EndGlobalSection
	GlobalSection(ProjectConfigurationPlatforms) = postSolution
		{1A28F205-4392-49D9-9AC5-D5DDF5B5E85A}.Debug|Any CPU.ActiveCfg = Debug|Any CPU
		{1A28F205-4392-49D9-9AC5-D5DDF5B5E85A}.Debug|Any CPU.Build.0 = Debug|Any CPU
		{1A28F205-4392-49D9-9AC5-D5DDF5B5E85A}.Release|Any CPU.ActiveCfg = Release|Any CPU
		{1A28F205-4392-49D9-9AC5-D5DDF5B5E85A}.Release|Any CPU.Build.0 = Release|Any CPU
		{DE7478FF-B45A-4D32-A8C7-80C96363CA80}.Debug|Any CPU.ActiveCfg = Debug|Any CPU
		{DE7478FF-B45A-4D32-A8C7-80C96363CA80}.Debug|Any CPU.Build.0 = Debug|Any CPU
		{DE7478FF-B45A-4D32-A8C7-80C96363CA80}.Release|Any CPU.ActiveCfg = Release|Any CPU
		{DE7478FF-B45A-4D32-A8C7-80C96363CA80}.Release|Any CPU.Build.0 = Release|Any CPU
		{260BB665-0566-4402-B726-444A45D08506}.Debug|Any CPU.ActiveCfg = Debug|Any CPU
		{260BB665-0566-4402-B726-444A45D08506}.Debug|Any CPU.Build.0 = Debug|Any CPU
		{260BB665-0566-4402-B726-444A45D08506}.Release|Any CPU.ActiveCfg = Release|Any CPU
		{260BB665-0566-4402-B726-444A45D08506}.Release|Any CPU.Build.0 = Release|Any CPU
		{029BD2F9-4CFC-4CD0-94CC-01679179AAB4}.Debug|Any CPU.ActiveCfg = Debug|Any CPU
		{029BD2F9-4CFC-4CD0-94CC-01679179AAB4}.Debug|Any CPU.Build.0 = Debug|Any CPU
		{029BD2F9-4CFC-4CD0-94CC-01679179AAB4}.Release|Any CPU.ActiveCfg = Release|Any CPU
		{029BD2F9-4CFC-4CD0-94CC-01679179AAB4}.Release|Any CPU.Build.0 = Release|Any CPU
		{F8E61FC3-23AD-4B79-B12B-204790951DB1}.Debug|Any CPU.ActiveCfg = Debug|Any CPU
		{F8E61FC3-23AD-4B79-B12B-204790951DB1}.Debug|Any CPU.Build.0 = Debug|Any CPU
		{F8E61FC3-23AD-4B79-B12B-204790951DB1}.Release|Any CPU.ActiveCfg = Release|Any CPU
		{F8E61FC3-23AD-4B79-B12B-204790951DB1}.Release|Any CPU.Build.0 = Release|Any CPU
		{71889F04-6587-4DC9-A131-FEB9197D5762}.Debug|Any CPU.ActiveCfg = Debug|Any CPU
		{71889F04-6587-4DC9-A131-FEB9197D5762}.Debug|Any CPU.Build.0 = Debug|Any CPU
		{71889F04-6587-4DC9-A131-FEB9197D5762}.Release|Any CPU.ActiveCfg = Release|Any CPU
		{71889F04-6587-4DC9-A131-FEB9197D5762}.Release|Any CPU.Build.0 = Release|Any CPU
		{B4AEEA79-8A56-4B5C-9048-D4D131244D21}.Debug|Any CPU.ActiveCfg = Debug|Any CPU
		{B4AEEA79-8A56-4B5C-9048-D4D131244D21}.Debug|Any CPU.Build.0 = Debug|Any CPU
		{B4AEEA79-8A56-4B5C-9048-D4D131244D21}.Release|Any CPU.ActiveCfg = Release|Any CPU
		{B4AEEA79-8A56-4B5C-9048-D4D131244D21}.Release|Any CPU.Build.0 = Release|Any CPU
		{617BAE18-76CB-4589-AC0C-18653946F3FF}.Debug|Any CPU.ActiveCfg = Debug|Any CPU
		{617BAE18-76CB-4589-AC0C-18653946F3FF}.Debug|Any CPU.Build.0 = Debug|Any CPU
		{617BAE18-76CB-4589-AC0C-18653946F3FF}.Release|Any CPU.ActiveCfg = Release|Any CPU
		{617BAE18-76CB-4589-AC0C-18653946F3FF}.Release|Any CPU.Build.0 = Release|Any CPU
		{EB0B37EA-37A1-4BE1-954A-FF96D97934F9}.Debug|Any CPU.ActiveCfg = Debug|Any CPU
		{EB0B37EA-37A1-4BE1-954A-FF96D97934F9}.Debug|Any CPU.Build.0 = Debug|Any CPU
		{EB0B37EA-37A1-4BE1-954A-FF96D97934F9}.Release|Any CPU.ActiveCfg = Release|Any CPU
		{EB0B37EA-37A1-4BE1-954A-FF96D97934F9}.Release|Any CPU.Build.0 = Release|Any CPU
		{EF6A7501-9755-41BD-A621-B03AD54A078E}.Debug|Any CPU.ActiveCfg = Debug|Any CPU
		{EF6A7501-9755-41BD-A621-B03AD54A078E}.Debug|Any CPU.Build.0 = Debug|Any CPU
		{EF6A7501-9755-41BD-A621-B03AD54A078E}.Release|Any CPU.ActiveCfg = Release|Any CPU
		{EF6A7501-9755-41BD-A621-B03AD54A078E}.Release|Any CPU.Build.0 = Release|Any CPU
		{003CDBA8-F263-4AF2-8A0F-9599B99CA320}.Debug|Any CPU.ActiveCfg = Debug|Any CPU
		{003CDBA8-F263-4AF2-8A0F-9599B99CA320}.Debug|Any CPU.Build.0 = Debug|Any CPU
		{003CDBA8-F263-4AF2-8A0F-9599B99CA320}.Release|Any CPU.ActiveCfg = Release|Any CPU
		{003CDBA8-F263-4AF2-8A0F-9599B99CA320}.Release|Any CPU.Build.0 = Release|Any CPU
		{ACDA4030-37FC-40EB-9211-16BB8F7855EA}.Debug|Any CPU.ActiveCfg = Debug|Any CPU
		{ACDA4030-37FC-40EB-9211-16BB8F7855EA}.Debug|Any CPU.Build.0 = Debug|Any CPU
		{ACDA4030-37FC-40EB-9211-16BB8F7855EA}.Release|Any CPU.ActiveCfg = Release|Any CPU
		{ACDA4030-37FC-40EB-9211-16BB8F7855EA}.Release|Any CPU.Build.0 = Release|Any CPU
		{563E16C5-C2D4-489A-AAC0-B5F17E76F37C}.Debug|Any CPU.ActiveCfg = Debug|Any CPU
		{563E16C5-C2D4-489A-AAC0-B5F17E76F37C}.Debug|Any CPU.Build.0 = Debug|Any CPU
		{563E16C5-C2D4-489A-AAC0-B5F17E76F37C}.Release|Any CPU.ActiveCfg = Release|Any CPU
		{563E16C5-C2D4-489A-AAC0-B5F17E76F37C}.Release|Any CPU.Build.0 = Release|Any CPU
		{B5EB32F1-D20A-4BA2-B8F5-BDB2C8DAF1BE}.Debug|Any CPU.ActiveCfg = Debug|Any CPU
		{B5EB32F1-D20A-4BA2-B8F5-BDB2C8DAF1BE}.Debug|Any CPU.Build.0 = Debug|Any CPU
		{B5EB32F1-D20A-4BA2-B8F5-BDB2C8DAF1BE}.Release|Any CPU.ActiveCfg = Release|Any CPU
		{B5EB32F1-D20A-4BA2-B8F5-BDB2C8DAF1BE}.Release|Any CPU.Build.0 = Release|Any CPU
		{7A7FF572-8890-4D67-AEA0-D614928CA0B6}.Debug|Any CPU.ActiveCfg = Debug|Any CPU
		{7A7FF572-8890-4D67-AEA0-D614928CA0B6}.Debug|Any CPU.Build.0 = Debug|Any CPU
		{7A7FF572-8890-4D67-AEA0-D614928CA0B6}.Release|Any CPU.ActiveCfg = Release|Any CPU
		{7A7FF572-8890-4D67-AEA0-D614928CA0B6}.Release|Any CPU.Build.0 = Release|Any CPU
		{3D33CB86-9AF1-49A0-A160-F888B326755F}.Debug|Any CPU.ActiveCfg = Debug|Any CPU
		{3D33CB86-9AF1-49A0-A160-F888B326755F}.Debug|Any CPU.Build.0 = Debug|Any CPU
		{3D33CB86-9AF1-49A0-A160-F888B326755F}.Release|Any CPU.ActiveCfg = Release|Any CPU
		{3D33CB86-9AF1-49A0-A160-F888B326755F}.Release|Any CPU.Build.0 = Release|Any CPU
		{C7D97139-5C57-46B4-9788-E03E699DA2E6}.Debug|Any CPU.ActiveCfg = Debug|Any CPU
		{C7D97139-5C57-46B4-9788-E03E699DA2E6}.Debug|Any CPU.Build.0 = Debug|Any CPU
		{C7D97139-5C57-46B4-9788-E03E699DA2E6}.Release|Any CPU.ActiveCfg = Release|Any CPU
		{C7D97139-5C57-46B4-9788-E03E699DA2E6}.Release|Any CPU.Build.0 = Release|Any CPU
		{89268BCC-D9DE-4F00-8B17-36583D3E1A71}.Debug|Any CPU.ActiveCfg = Debug|Any CPU
		{89268BCC-D9DE-4F00-8B17-36583D3E1A71}.Debug|Any CPU.Build.0 = Debug|Any CPU
		{89268BCC-D9DE-4F00-8B17-36583D3E1A71}.Release|Any CPU.ActiveCfg = Release|Any CPU
		{89268BCC-D9DE-4F00-8B17-36583D3E1A71}.Release|Any CPU.Build.0 = Release|Any CPU
		{31EC4F94-4161-4368-B0B5-0684CC2227BD}.Debug|Any CPU.ActiveCfg = Debug|Any CPU
		{31EC4F94-4161-4368-B0B5-0684CC2227BD}.Debug|Any CPU.Build.0 = Debug|Any CPU
		{31EC4F94-4161-4368-B0B5-0684CC2227BD}.Release|Any CPU.ActiveCfg = Release|Any CPU
		{31EC4F94-4161-4368-B0B5-0684CC2227BD}.Release|Any CPU.Build.0 = Release|Any CPU
		{C41DCBB7-C191-4243-9335-2B88C29850AA}.Debug|Any CPU.ActiveCfg = Debug|Any CPU
		{C41DCBB7-C191-4243-9335-2B88C29850AA}.Debug|Any CPU.Build.0 = Debug|Any CPU
		{C41DCBB7-C191-4243-9335-2B88C29850AA}.Release|Any CPU.ActiveCfg = Release|Any CPU
		{C41DCBB7-C191-4243-9335-2B88C29850AA}.Release|Any CPU.Build.0 = Release|Any CPU
		{AF42ED4A-354B-4B7F-9121-DC475EF19C81}.Debug|Any CPU.ActiveCfg = Debug|Any CPU
		{AF42ED4A-354B-4B7F-9121-DC475EF19C81}.Debug|Any CPU.Build.0 = Debug|Any CPU
		{AF42ED4A-354B-4B7F-9121-DC475EF19C81}.Release|Any CPU.ActiveCfg = Release|Any CPU
		{AF42ED4A-354B-4B7F-9121-DC475EF19C81}.Release|Any CPU.Build.0 = Release|Any CPU
		{D9326EF7-BAAE-4BCF-A51D-E951608B9FE7}.Debug|Any CPU.ActiveCfg = Debug|Any CPU
		{D9326EF7-BAAE-4BCF-A51D-E951608B9FE7}.Debug|Any CPU.Build.0 = Debug|Any CPU
		{D9326EF7-BAAE-4BCF-A51D-E951608B9FE7}.Release|Any CPU.ActiveCfg = Release|Any CPU
		{D9326EF7-BAAE-4BCF-A51D-E951608B9FE7}.Release|Any CPU.Build.0 = Release|Any CPU
		{A14A16CF-8149-43FB-9D33-F39AC082F53F}.Debug|Any CPU.ActiveCfg = Debug|Any CPU
		{A14A16CF-8149-43FB-9D33-F39AC082F53F}.Debug|Any CPU.Build.0 = Debug|Any CPU
		{A14A16CF-8149-43FB-9D33-F39AC082F53F}.Release|Any CPU.ActiveCfg = Release|Any CPU
		{A14A16CF-8149-43FB-9D33-F39AC082F53F}.Release|Any CPU.Build.0 = Release|Any CPU
		{C12CB4AA-1422-4426-B407-183ECCD072C8}.Debug|Any CPU.ActiveCfg = Debug|Any CPU
		{C12CB4AA-1422-4426-B407-183ECCD072C8}.Debug|Any CPU.Build.0 = Debug|Any CPU
		{C12CB4AA-1422-4426-B407-183ECCD072C8}.Release|Any CPU.ActiveCfg = Release|Any CPU
		{C12CB4AA-1422-4426-B407-183ECCD072C8}.Release|Any CPU.Build.0 = Release|Any CPU
		{BFC60A9D-4CE6-461E-B8C6-0B43BA8CA3AF}.Debug|Any CPU.ActiveCfg = Debug|Any CPU
		{BFC60A9D-4CE6-461E-B8C6-0B43BA8CA3AF}.Debug|Any CPU.Build.0 = Debug|Any CPU
		{BFC60A9D-4CE6-461E-B8C6-0B43BA8CA3AF}.Release|Any CPU.ActiveCfg = Release|Any CPU
		{BFC60A9D-4CE6-461E-B8C6-0B43BA8CA3AF}.Release|Any CPU.Build.0 = Release|Any CPU
		{D46856EB-7408-45AF-9363-B5AED21430AE}.Debug|Any CPU.ActiveCfg = Debug|Any CPU
		{D46856EB-7408-45AF-9363-B5AED21430AE}.Debug|Any CPU.Build.0 = Debug|Any CPU
		{D46856EB-7408-45AF-9363-B5AED21430AE}.Release|Any CPU.ActiveCfg = Release|Any CPU
		{D46856EB-7408-45AF-9363-B5AED21430AE}.Release|Any CPU.Build.0 = Release|Any CPU
		{AE191FF5-3CFF-4380-973C-F843F15B689A}.Debug|Any CPU.ActiveCfg = Debug|Any CPU
		{AE191FF5-3CFF-4380-973C-F843F15B689A}.Debug|Any CPU.Build.0 = Debug|Any CPU
		{AE191FF5-3CFF-4380-973C-F843F15B689A}.Release|Any CPU.ActiveCfg = Release|Any CPU
		{AE191FF5-3CFF-4380-973C-F843F15B689A}.Release|Any CPU.Build.0 = Release|Any CPU
		{24067D19-C3C8-4B1C-81BE-49F1A7ACB5B0}.Debug|Any CPU.ActiveCfg = Debug|Any CPU
		{24067D19-C3C8-4B1C-81BE-49F1A7ACB5B0}.Debug|Any CPU.Build.0 = Debug|Any CPU
		{24067D19-C3C8-4B1C-81BE-49F1A7ACB5B0}.Release|Any CPU.ActiveCfg = Release|Any CPU
		{24067D19-C3C8-4B1C-81BE-49F1A7ACB5B0}.Release|Any CPU.Build.0 = Release|Any CPU
		{B2EF35D8-F10D-4309-B430-BE3581805CA7}.Debug|Any CPU.ActiveCfg = Debug|Any CPU
		{B2EF35D8-F10D-4309-B430-BE3581805CA7}.Debug|Any CPU.Build.0 = Debug|Any CPU
		{B2EF35D8-F10D-4309-B430-BE3581805CA7}.Release|Any CPU.ActiveCfg = Release|Any CPU
		{B2EF35D8-F10D-4309-B430-BE3581805CA7}.Release|Any CPU.Build.0 = Release|Any CPU
		{8DED1BFB-986F-4DC8-A346-6CABA06B5845}.Debug|Any CPU.ActiveCfg = Debug|Any CPU
		{8DED1BFB-986F-4DC8-A346-6CABA06B5845}.Debug|Any CPU.Build.0 = Debug|Any CPU
		{8DED1BFB-986F-4DC8-A346-6CABA06B5845}.Release|Any CPU.ActiveCfg = Release|Any CPU
		{8DED1BFB-986F-4DC8-A346-6CABA06B5845}.Release|Any CPU.Build.0 = Release|Any CPU
		{2621312B-085B-4606-8048-C652CCBDC60B}.Debug|Any CPU.ActiveCfg = Debug|Any CPU
		{2621312B-085B-4606-8048-C652CCBDC60B}.Debug|Any CPU.Build.0 = Debug|Any CPU
		{2621312B-085B-4606-8048-C652CCBDC60B}.Release|Any CPU.ActiveCfg = Release|Any CPU
		{2621312B-085B-4606-8048-C652CCBDC60B}.Release|Any CPU.Build.0 = Release|Any CPU
		{01474B40-C081-4BBA-BE54-B806E6947120}.Debug|Any CPU.ActiveCfg = Debug|Any CPU
		{01474B40-C081-4BBA-BE54-B806E6947120}.Debug|Any CPU.Build.0 = Debug|Any CPU
		{01474B40-C081-4BBA-BE54-B806E6947120}.Release|Any CPU.ActiveCfg = Release|Any CPU
		{01474B40-C081-4BBA-BE54-B806E6947120}.Release|Any CPU.Build.0 = Release|Any CPU
		{11F22D09-BB18-4DCE-84FE-F255EFBC8859}.Debug|Any CPU.ActiveCfg = Debug|Any CPU
		{11F22D09-BB18-4DCE-84FE-F255EFBC8859}.Debug|Any CPU.Build.0 = Debug|Any CPU
		{11F22D09-BB18-4DCE-84FE-F255EFBC8859}.Release|Any CPU.ActiveCfg = Release|Any CPU
		{11F22D09-BB18-4DCE-84FE-F255EFBC8859}.Release|Any CPU.Build.0 = Release|Any CPU
		{A73C4B84-2D5E-4CCC-854E-A943068C414E}.Debug|Any CPU.ActiveCfg = Debug|Any CPU
		{A73C4B84-2D5E-4CCC-854E-A943068C414E}.Debug|Any CPU.Build.0 = Debug|Any CPU
		{A73C4B84-2D5E-4CCC-854E-A943068C414E}.Release|Any CPU.ActiveCfg = Release|Any CPU
		{A73C4B84-2D5E-4CCC-854E-A943068C414E}.Release|Any CPU.Build.0 = Release|Any CPU
		{709DCD57-DCF6-48D3-8793-489FA6338A23}.Debug|Any CPU.ActiveCfg = Debug|Any CPU
		{709DCD57-DCF6-48D3-8793-489FA6338A23}.Debug|Any CPU.Build.0 = Debug|Any CPU
		{709DCD57-DCF6-48D3-8793-489FA6338A23}.Release|Any CPU.ActiveCfg = Release|Any CPU
		{709DCD57-DCF6-48D3-8793-489FA6338A23}.Release|Any CPU.Build.0 = Release|Any CPU
		{BC9FBE74-E0FC-4712-B901-8F7D24754572}.Debug|Any CPU.ActiveCfg = Debug|Any CPU
		{BC9FBE74-E0FC-4712-B901-8F7D24754572}.Debug|Any CPU.Build.0 = Debug|Any CPU
		{BC9FBE74-E0FC-4712-B901-8F7D24754572}.Release|Any CPU.ActiveCfg = Release|Any CPU
		{BC9FBE74-E0FC-4712-B901-8F7D24754572}.Release|Any CPU.Build.0 = Release|Any CPU
		{879EE963-4D90-496C-8A1D-5B0D21E3781F}.Debug|Any CPU.ActiveCfg = Debug|Any CPU
		{879EE963-4D90-496C-8A1D-5B0D21E3781F}.Debug|Any CPU.Build.0 = Debug|Any CPU
		{879EE963-4D90-496C-8A1D-5B0D21E3781F}.Release|Any CPU.ActiveCfg = Release|Any CPU
		{879EE963-4D90-496C-8A1D-5B0D21E3781F}.Release|Any CPU.Build.0 = Release|Any CPU
		{031B4128-D84C-481E-A851-5C751F1FD9C6}.Debug|Any CPU.ActiveCfg = Debug|Any CPU
		{031B4128-D84C-481E-A851-5C751F1FD9C6}.Debug|Any CPU.Build.0 = Debug|Any CPU
		{031B4128-D84C-481E-A851-5C751F1FD9C6}.Release|Any CPU.ActiveCfg = Release|Any CPU
		{031B4128-D84C-481E-A851-5C751F1FD9C6}.Release|Any CPU.Build.0 = Release|Any CPU
		{8AF9229A-9220-4F01-B499-1BC28BAFA510}.Debug|Any CPU.ActiveCfg = Debug|Any CPU
		{8AF9229A-9220-4F01-B499-1BC28BAFA510}.Debug|Any CPU.Build.0 = Debug|Any CPU
		{8AF9229A-9220-4F01-B499-1BC28BAFA510}.Release|Any CPU.ActiveCfg = Release|Any CPU
		{8AF9229A-9220-4F01-B499-1BC28BAFA510}.Release|Any CPU.Build.0 = Release|Any CPU
		{0428C1D5-5C1A-4362-A8FD-69B67076D1C2}.Debug|Any CPU.ActiveCfg = Debug|Any CPU
		{0428C1D5-5C1A-4362-A8FD-69B67076D1C2}.Debug|Any CPU.Build.0 = Debug|Any CPU
		{0428C1D5-5C1A-4362-A8FD-69B67076D1C2}.Release|Any CPU.ActiveCfg = Release|Any CPU
		{0428C1D5-5C1A-4362-A8FD-69B67076D1C2}.Release|Any CPU.Build.0 = Release|Any CPU
		{A91C8670-231B-4FA2-B4B0-0CE8497DCFA8}.Debug|Any CPU.ActiveCfg = Debug|Any CPU
		{A91C8670-231B-4FA2-B4B0-0CE8497DCFA8}.Debug|Any CPU.Build.0 = Debug|Any CPU
		{A91C8670-231B-4FA2-B4B0-0CE8497DCFA8}.Release|Any CPU.ActiveCfg = Release|Any CPU
		{A91C8670-231B-4FA2-B4B0-0CE8497DCFA8}.Release|Any CPU.Build.0 = Release|Any CPU
		{35FC66F6-934A-4BB5-B048-D333321DF3B7}.Debug|Any CPU.ActiveCfg = Debug|Any CPU
		{35FC66F6-934A-4BB5-B048-D333321DF3B7}.Debug|Any CPU.Build.0 = Debug|Any CPU
		{35FC66F6-934A-4BB5-B048-D333321DF3B7}.Release|Any CPU.ActiveCfg = Release|Any CPU
		{35FC66F6-934A-4BB5-B048-D333321DF3B7}.Release|Any CPU.Build.0 = Release|Any CPU
		{96B0473D-F2EC-4B7E-BF59-0FDD0CEB5780}.Debug|Any CPU.ActiveCfg = Debug|Any CPU
		{96B0473D-F2EC-4B7E-BF59-0FDD0CEB5780}.Debug|Any CPU.Build.0 = Debug|Any CPU
		{96B0473D-F2EC-4B7E-BF59-0FDD0CEB5780}.Release|Any CPU.ActiveCfg = Release|Any CPU
		{96B0473D-F2EC-4B7E-BF59-0FDD0CEB5780}.Release|Any CPU.Build.0 = Release|Any CPU
		{63C8A5EB-5F03-4574-8EAD-29B865D3754D}.Debug|Any CPU.ActiveCfg = Debug|Any CPU
		{63C8A5EB-5F03-4574-8EAD-29B865D3754D}.Debug|Any CPU.Build.0 = Debug|Any CPU
		{63C8A5EB-5F03-4574-8EAD-29B865D3754D}.Release|Any CPU.ActiveCfg = Release|Any CPU
		{63C8A5EB-5F03-4574-8EAD-29B865D3754D}.Release|Any CPU.Build.0 = Release|Any CPU
		{0B4D040B-3C9B-46C3-A7C9-7A65B3063584}.Debug|Any CPU.ActiveCfg = Debug|Any CPU
		{0B4D040B-3C9B-46C3-A7C9-7A65B3063584}.Debug|Any CPU.Build.0 = Debug|Any CPU
		{0B4D040B-3C9B-46C3-A7C9-7A65B3063584}.Release|Any CPU.ActiveCfg = Release|Any CPU
		{0B4D040B-3C9B-46C3-A7C9-7A65B3063584}.Release|Any CPU.Build.0 = Release|Any CPU
		{1BFA70C4-A7D3-4A82-8C15-5E977146FE79}.Debug|Any CPU.ActiveCfg = Debug|Any CPU
		{1BFA70C4-A7D3-4A82-8C15-5E977146FE79}.Debug|Any CPU.Build.0 = Debug|Any CPU
		{1BFA70C4-A7D3-4A82-8C15-5E977146FE79}.Release|Any CPU.ActiveCfg = Release|Any CPU
		{1BFA70C4-A7D3-4A82-8C15-5E977146FE79}.Release|Any CPU.Build.0 = Release|Any CPU
		{168FA2A2-40B3-46B2-AF34-05C5D9EFD5EC}.Debug|Any CPU.ActiveCfg = Debug|Any CPU
		{168FA2A2-40B3-46B2-AF34-05C5D9EFD5EC}.Debug|Any CPU.Build.0 = Debug|Any CPU
		{168FA2A2-40B3-46B2-AF34-05C5D9EFD5EC}.Release|Any CPU.ActiveCfg = Release|Any CPU
		{168FA2A2-40B3-46B2-AF34-05C5D9EFD5EC}.Release|Any CPU.Build.0 = Release|Any CPU
		{0967231E-1F6D-4820-B738-BA86464712E7}.Debug|Any CPU.ActiveCfg = Debug|Any CPU
		{0967231E-1F6D-4820-B738-BA86464712E7}.Debug|Any CPU.Build.0 = Debug|Any CPU
		{0967231E-1F6D-4820-B738-BA86464712E7}.Release|Any CPU.ActiveCfg = Release|Any CPU
		{0967231E-1F6D-4820-B738-BA86464712E7}.Release|Any CPU.Build.0 = Release|Any CPU
		{C8E60FCB-43F7-40C0-A1AB-9580672F5A32}.Debug|Any CPU.ActiveCfg = Debug|Any CPU
		{C8E60FCB-43F7-40C0-A1AB-9580672F5A32}.Debug|Any CPU.Build.0 = Debug|Any CPU
		{C8E60FCB-43F7-40C0-A1AB-9580672F5A32}.Release|Any CPU.ActiveCfg = Release|Any CPU
		{C8E60FCB-43F7-40C0-A1AB-9580672F5A32}.Release|Any CPU.Build.0 = Release|Any CPU
		{595A905B-3EA7-43E9-980E-C0968CFD24E0}.Debug|Any CPU.ActiveCfg = Debug|Any CPU
		{595A905B-3EA7-43E9-980E-C0968CFD24E0}.Debug|Any CPU.Build.0 = Debug|Any CPU
		{595A905B-3EA7-43E9-980E-C0968CFD24E0}.Release|Any CPU.ActiveCfg = Release|Any CPU
		{595A905B-3EA7-43E9-980E-C0968CFD24E0}.Release|Any CPU.Build.0 = Release|Any CPU
		{1A6930FB-2A0C-4DB6-AEAF-178E659B4FF7}.Debug|Any CPU.ActiveCfg = Debug|Any CPU
		{1A6930FB-2A0C-4DB6-AEAF-178E659B4FF7}.Debug|Any CPU.Build.0 = Debug|Any CPU
		{1A6930FB-2A0C-4DB6-AEAF-178E659B4FF7}.Release|Any CPU.ActiveCfg = Release|Any CPU
		{1A6930FB-2A0C-4DB6-AEAF-178E659B4FF7}.Release|Any CPU.Build.0 = Release|Any CPU
		{012612DA-BCA2-4F7A-902B-23D90BF01DCB}.Debug|Any CPU.ActiveCfg = Debug|Any CPU
		{012612DA-BCA2-4F7A-902B-23D90BF01DCB}.Debug|Any CPU.Build.0 = Debug|Any CPU
		{012612DA-BCA2-4F7A-902B-23D90BF01DCB}.Release|Any CPU.ActiveCfg = Release|Any CPU
		{012612DA-BCA2-4F7A-902B-23D90BF01DCB}.Release|Any CPU.Build.0 = Release|Any CPU
		{327B4017-969F-4EED-BE1B-9A8408D75569}.Debug|Any CPU.ActiveCfg = Debug|Any CPU
		{327B4017-969F-4EED-BE1B-9A8408D75569}.Debug|Any CPU.Build.0 = Debug|Any CPU
		{327B4017-969F-4EED-BE1B-9A8408D75569}.Release|Any CPU.ActiveCfg = Release|Any CPU
		{327B4017-969F-4EED-BE1B-9A8408D75569}.Release|Any CPU.Build.0 = Release|Any CPU
		{5C836CDF-9EC6-416C-B3C6-7C701CF49779}.Debug|Any CPU.ActiveCfg = Debug|Any CPU
		{5C836CDF-9EC6-416C-B3C6-7C701CF49779}.Debug|Any CPU.Build.0 = Debug|Any CPU
		{5C836CDF-9EC6-416C-B3C6-7C701CF49779}.Release|Any CPU.ActiveCfg = Release|Any CPU
		{5C836CDF-9EC6-416C-B3C6-7C701CF49779}.Release|Any CPU.Build.0 = Release|Any CPU
		{EC741EC1-0BCB-4348-9AAB-F89EB259FE0B}.Debug|Any CPU.ActiveCfg = Debug|Any CPU
		{EC741EC1-0BCB-4348-9AAB-F89EB259FE0B}.Debug|Any CPU.Build.0 = Debug|Any CPU
		{EC741EC1-0BCB-4348-9AAB-F89EB259FE0B}.Release|Any CPU.ActiveCfg = Release|Any CPU
		{EC741EC1-0BCB-4348-9AAB-F89EB259FE0B}.Release|Any CPU.Build.0 = Release|Any CPU
		{16CCF55B-3926-493B-9601-7827D6A81EB9}.Debug|Any CPU.ActiveCfg = Debug|Any CPU
		{16CCF55B-3926-493B-9601-7827D6A81EB9}.Debug|Any CPU.Build.0 = Debug|Any CPU
		{16CCF55B-3926-493B-9601-7827D6A81EB9}.Release|Any CPU.ActiveCfg = Release|Any CPU
		{16CCF55B-3926-493B-9601-7827D6A81EB9}.Release|Any CPU.Build.0 = Release|Any CPU
		{391EAEE3-F958-498F-9A87-B6ED4C24B0DF}.Debug|Any CPU.ActiveCfg = Debug|Any CPU
		{391EAEE3-F958-498F-9A87-B6ED4C24B0DF}.Debug|Any CPU.Build.0 = Debug|Any CPU
		{391EAEE3-F958-498F-9A87-B6ED4C24B0DF}.Release|Any CPU.ActiveCfg = Release|Any CPU
		{391EAEE3-F958-498F-9A87-B6ED4C24B0DF}.Release|Any CPU.Build.0 = Release|Any CPU
		{0443C0D4-A15A-4C7A-A5A0-DA12EDE869E3}.Debug|Any CPU.ActiveCfg = Debug|Any CPU
		{0443C0D4-A15A-4C7A-A5A0-DA12EDE869E3}.Debug|Any CPU.Build.0 = Debug|Any CPU
		{0443C0D4-A15A-4C7A-A5A0-DA12EDE869E3}.Release|Any CPU.ActiveCfg = Release|Any CPU
		{0443C0D4-A15A-4C7A-A5A0-DA12EDE869E3}.Release|Any CPU.Build.0 = Release|Any CPU
		{37B919E2-6873-4D46-8D0E-56E43E2846D6}.Debug|Any CPU.ActiveCfg = Debug|Any CPU
		{37B919E2-6873-4D46-8D0E-56E43E2846D6}.Debug|Any CPU.Build.0 = Debug|Any CPU
		{37B919E2-6873-4D46-8D0E-56E43E2846D6}.Release|Any CPU.ActiveCfg = Release|Any CPU
		{37B919E2-6873-4D46-8D0E-56E43E2846D6}.Release|Any CPU.Build.0 = Release|Any CPU
		{46301A3B-1794-488C-95D2-962D8A1AE405}.Debug|Any CPU.ActiveCfg = Debug|Any CPU
		{46301A3B-1794-488C-95D2-962D8A1AE405}.Debug|Any CPU.Build.0 = Debug|Any CPU
		{46301A3B-1794-488C-95D2-962D8A1AE405}.Release|Any CPU.ActiveCfg = Release|Any CPU
		{46301A3B-1794-488C-95D2-962D8A1AE405}.Release|Any CPU.Build.0 = Release|Any CPU
		{5041C470-CAC0-4991-A366-3E66A655B967}.Debug|Any CPU.ActiveCfg = Debug|Any CPU
		{5041C470-CAC0-4991-A366-3E66A655B967}.Debug|Any CPU.Build.0 = Debug|Any CPU
		{5041C470-CAC0-4991-A366-3E66A655B967}.Release|Any CPU.ActiveCfg = Release|Any CPU
		{5041C470-CAC0-4991-A366-3E66A655B967}.Release|Any CPU.Build.0 = Release|Any CPU
		{CA56BE30-D32B-4072-AEC6-7872FAADD81A}.Debug|Any CPU.ActiveCfg = Debug|Any CPU
		{CA56BE30-D32B-4072-AEC6-7872FAADD81A}.Debug|Any CPU.Build.0 = Debug|Any CPU
		{CA56BE30-D32B-4072-AEC6-7872FAADD81A}.Release|Any CPU.ActiveCfg = Release|Any CPU
		{CA56BE30-D32B-4072-AEC6-7872FAADD81A}.Release|Any CPU.Build.0 = Release|Any CPU
		{F8F402B2-90C7-4F88-94E2-AE7B582EE7A3}.Debug|Any CPU.ActiveCfg = Debug|Any CPU
		{F8F402B2-90C7-4F88-94E2-AE7B582EE7A3}.Debug|Any CPU.Build.0 = Debug|Any CPU
		{F8F402B2-90C7-4F88-94E2-AE7B582EE7A3}.Release|Any CPU.ActiveCfg = Release|Any CPU
		{F8F402B2-90C7-4F88-94E2-AE7B582EE7A3}.Release|Any CPU.Build.0 = Release|Any CPU
		{8DD17265-DE9E-4143-BA80-95E48527995B}.Debug|Any CPU.ActiveCfg = Debug|Any CPU
		{8DD17265-DE9E-4143-BA80-95E48527995B}.Debug|Any CPU.Build.0 = Debug|Any CPU
		{8DD17265-DE9E-4143-BA80-95E48527995B}.Release|Any CPU.ActiveCfg = Release|Any CPU
		{8DD17265-DE9E-4143-BA80-95E48527995B}.Release|Any CPU.Build.0 = Release|Any CPU
		{2726FA07-401E-4EE6-9AC7-20AA385C78F3}.Debug|Any CPU.ActiveCfg = Debug|Any CPU
		{2726FA07-401E-4EE6-9AC7-20AA385C78F3}.Debug|Any CPU.Build.0 = Debug|Any CPU
		{2726FA07-401E-4EE6-9AC7-20AA385C78F3}.Release|Any CPU.ActiveCfg = Release|Any CPU
		{2726FA07-401E-4EE6-9AC7-20AA385C78F3}.Release|Any CPU.Build.0 = Release|Any CPU
		{9FACB9C8-BF8B-4A0C-BE77-450BAD7BA42D}.Debug|Any CPU.ActiveCfg = Debug|Any CPU
		{9FACB9C8-BF8B-4A0C-BE77-450BAD7BA42D}.Debug|Any CPU.Build.0 = Debug|Any CPU
		{9FACB9C8-BF8B-4A0C-BE77-450BAD7BA42D}.Release|Any CPU.ActiveCfg = Release|Any CPU
		{9FACB9C8-BF8B-4A0C-BE77-450BAD7BA42D}.Release|Any CPU.Build.0 = Release|Any CPU
		{54427E30-3B9A-4442-8032-DC3B64C58A3E}.Debug|Any CPU.ActiveCfg = Debug|Any CPU
		{54427E30-3B9A-4442-8032-DC3B64C58A3E}.Debug|Any CPU.Build.0 = Debug|Any CPU
		{54427E30-3B9A-4442-8032-DC3B64C58A3E}.Release|Any CPU.ActiveCfg = Release|Any CPU
		{54427E30-3B9A-4442-8032-DC3B64C58A3E}.Release|Any CPU.Build.0 = Release|Any CPU
	EndGlobalSection
	GlobalSection(SolutionProperties) = preSolution
		HideSolutionNode = FALSE
	EndGlobalSection
	GlobalSection(ExtensibilityGlobals) = postSolution
		SolutionGuid = {6D2FACF8-C85B-4E7F-9BB1-0355D1E09A2D}
	EndGlobalSection
EndGlobal
