
Microsoft Visual Studio Solution File, Format Version 12.00
# Visual Studio Version 17
VisualStudioVersion = 17.2.32630.192
MinimumVisualStudioVersion = 10.0.40219.1
Project("{9A19103F-16F7-4668-BE54-9A1E7A4F7556}") = "R5T.H0001.DB01", "R5T.H0001.DB01\R5T.H0001.DB01.csproj", "{8B5659B3-EA12-4ED6-A6C9-F7BFFBED94F5}"
EndProject
Project("{9A19103F-16F7-4668-BE54-9A1E7A4F7556}") = "R5T.H0001", "R5T.H0001\R5T.H0001.csproj", "{1A28F205-4392-49D9-9AC5-D5DDF5B5E85A}"
EndProject
Project("{2150E333-8FDC-42A3-9474-1A3956D46DE8}") = "_Dependencies", "_Dependencies", "{B7D23FA5-55AE-44D4-97B5-DFD02832EAD4}"
EndProject
Project("{9A19103F-16F7-4668-BE54-9A1E7A4F7556}") = "R5T.F0000", "..\..\R5T.F0000\source\R5T.F0000\R5T.F0000.csproj", "{7E81F8E6-5D45-4BD4-9F1C-DDF3B583EA87}"
EndProject
Project("{9A19103F-16F7-4668-BE54-9A1E7A4F7556}") = "R5T.F0002", "..\..\R5T.F0002\source\R5T.F0002\R5T.F0002.csproj", "{C40090A1-406E-4EFF-9FFE-FA1C55BCBD3D}"
EndProject
Project("{9A19103F-16F7-4668-BE54-9A1E7A4F7556}") = "R5T.F0059", "..\..\R5T.F0059\source\R5T.F0059\R5T.F0059.csproj", "{3ED8161C-C994-4FCA-8171-CEE05A39CFDF}"
EndProject
Project("{9A19103F-16F7-4668-BE54-9A1E7A4F7556}") = "R5T.F0120", "..\..\R5T.F0120\source\R5T.F0120\R5T.F0120.csproj", "{A6A90AC6-3403-44D5-BC3E-369BCFB27667}"
EndProject
Project("{9A19103F-16F7-4668-BE54-9A1E7A4F7556}") = "R5T.F0124", "..\..\R5T.F0124\source\R5T.F0124\R5T.F0124.csproj", "{1F45A548-11E1-4B86-84F7-F1CD2439C3E8}"
EndProject
Project("{9A19103F-16F7-4668-BE54-9A1E7A4F7556}") = "R5T.F0125", "..\..\R5T.F0125\source\R5T.F0125\R5T.F0125.csproj", "{8BD56847-5199-45DD-B22F-E1196030EEF0}"
EndProject
Project("{9A19103F-16F7-4668-BE54-9A1E7A4F7556}") = "R5T.L0030.T000", "..\..\R5T.L0030\source\R5T.L0030.T000\R5T.L0030.T000.csproj", "{11501A19-5998-47DA-AD0C-180D34060374}"
EndProject
Project("{9A19103F-16F7-4668-BE54-9A1E7A4F7556}") = "R5T.L0030", "..\..\R5T.L0030\source\R5T.L0030\R5T.L0030.csproj", "{7174D541-2912-440A-BDED-0F80E08E6206}"
EndProject
Project("{9A19103F-16F7-4668-BE54-9A1E7A4F7556}") = "R5T.L0034", "..\..\R5T.L0034\source\R5T.L0034\R5T.L0034.csproj", "{739E5F85-7342-4E0B-9F20-A07A1AF9EC77}"
EndProject
Project("{9A19103F-16F7-4668-BE54-9A1E7A4F7556}") = "R5T.L0035", "..\..\R5T.L0035\source\R5T.L0035\R5T.L0035.csproj", "{631966EE-F87D-4831-96B6-AB018C692C6E}"
EndProject
Project("{9A19103F-16F7-4668-BE54-9A1E7A4F7556}") = "R5T.L0053", "..\..\R5T.L0053\source\R5T.L0053\R5T.L0053.csproj", "{5893FE89-5F10-49BB-B328-07B566E83E4D}"
EndProject
Project("{9A19103F-16F7-4668-BE54-9A1E7A4F7556}") = "R5T.L0056", "..\..\R5T.L0056\source\R5T.L0056\R5T.L0056.csproj", "{97EEB103-9F13-49A0-8117-2D3E132D867E}"
EndProject
Project("{9A19103F-16F7-4668-BE54-9A1E7A4F7556}") = "R5T.L0066", "..\..\R5T.L0066\source\R5T.L0066\R5T.L0066.csproj", "{2A7B62A7-2126-4268-BA23-B478B5CDFE40}"
EndProject
Project("{9A19103F-16F7-4668-BE54-9A1E7A4F7556}") = "R5T.L0071", "..\..\R5T.L0071\source\R5T.L0071\R5T.L0071.csproj", "{99F079D4-E05F-4FDD-8AA1-8BEA02FEA718}"
EndProject
Project("{9A19103F-16F7-4668-BE54-9A1E7A4F7556}") = "R5T.L0074", "..\..\R5T.L0074\source\R5T.L0074\R5T.L0074.csproj", "{D776D33A-00D7-4113-8882-947A30D415E9}"
EndProject
Project("{9A19103F-16F7-4668-BE54-9A1E7A4F7556}") = "R5T.L0089.F000", "..\..\R5T.L0089\source\R5T.L0089.F000\R5T.L0089.F000.csproj", "{1C256E20-F2AC-483B-8CDB-093DF70989A3}"
EndProject
Project("{9A19103F-16F7-4668-BE54-9A1E7A4F7556}") = "R5T.L0089.T000", "..\..\R5T.L0089\source\R5T.L0089.T000\R5T.L0089.T000.csproj", "{C2BD6F4C-4112-4D60-BFB3-7F3C7C92E637}"
EndProject
Project("{9A19103F-16F7-4668-BE54-9A1E7A4F7556}") = "R5T.L0089", "..\..\R5T.L0089\source\R5T.L0089\R5T.L0089.csproj", "{F83AE4C1-3502-4FB0-B92B-85EB54B20ED1}"
EndProject
Project("{9A19103F-16F7-4668-BE54-9A1E7A4F7556}") = "R5T.NG0006", "..\..\R5T.NG0006\source\R5T.NG0006\R5T.NG0006.csproj", "{BC24C00C-051A-4F5F-BB31-705A98B407E5}"
EndProject
Project("{9A19103F-16F7-4668-BE54-9A1E7A4F7556}") = "R5T.NG0022", "..\..\R5T.NG0022\source\R5T.NG0022\R5T.NG0022.csproj", "{1DF6D548-42A2-4C02-BE9E-8E799EDE7F89}"
EndProject
Project("{9A19103F-16F7-4668-BE54-9A1E7A4F7556}") = "R5T.T0131", "..\..\R5T.T0131\source\R5T.T0131\R5T.T0131.csproj", "{1DBB67AB-9153-4544-8996-30E744209C0C}"
EndProject
Project("{9A19103F-16F7-4668-BE54-9A1E7A4F7556}") = "R5T.T0132", "..\..\R5T.T0132\source\R5T.T0132\R5T.T0132.csproj", "{CD4C1B9C-3FB5-4652-837B-F253AF1F8814}"
EndProject
Project("{9A19103F-16F7-4668-BE54-9A1E7A4F7556}") = "R5T.T0142", "..\..\R5T.T0142\source\R5T.T0142\R5T.T0142.csproj", "{19591514-DEA6-4140-8603-7E355BCB6F86}"
EndProject
Project("{9A19103F-16F7-4668-BE54-9A1E7A4F7556}") = "R5T.T0143", "..\..\R5T.T0143\source\R5T.T0143\R5T.T0143.csproj", "{BF3E26D7-C3EA-4AB5-AFF1-0093AF9CC007}"
EndProject
Project("{9A19103F-16F7-4668-BE54-9A1E7A4F7556}") = "R5T.T0150", "..\..\R5T.T0150\source\R5T.T0150\R5T.T0150.csproj", "{8150BF72-EFE6-4411-AF48-C476EBDB7C9D}"
EndProject
Project("{9A19103F-16F7-4668-BE54-9A1E7A4F7556}") = "R5T.T0151", "..\..\R5T.T0151\source\R5T.T0151\R5T.T0151.csproj", "{F173FD3F-907D-47FB-A363-C492918A284B}"
EndProject
Project("{9A19103F-16F7-4668-BE54-9A1E7A4F7556}") = "R5T.T0156", "..\..\R5T.T0156\source\R5T.T0156\R5T.T0156.csproj", "{ACA7C8A4-6197-4EB4-A83C-E9FBF0CBC0EE}"
EndProject
Project("{9A19103F-16F7-4668-BE54-9A1E7A4F7556}") = "R5T.T0158", "..\..\R5T.T0158\source\R5T.T0158\R5T.T0158.csproj", "{90607270-8565-4CA3-BCDC-B16B877A6730}"
EndProject
Project("{9A19103F-16F7-4668-BE54-9A1E7A4F7556}") = "R5T.T0159", "..\..\R5T.T0159\source\R5T.T0159\R5T.T0159.csproj", "{133EE0F2-376E-4F31-9CF2-C0166085D8B7}"
EndProject
Project("{9A19103F-16F7-4668-BE54-9A1E7A4F7556}") = "R5T.T0172", "..\..\R5T.T0172\source\R5T.T0172\R5T.T0172.csproj", "{23C72E3B-A0F5-46AF-877B-724B15F76C22}"
EndProject
Project("{9A19103F-16F7-4668-BE54-9A1E7A4F7556}") = "R5T.T0174", "..\..\R5T.T0174\source\R5T.T0174\R5T.T0174.csproj", "{A096B036-D0A0-46E0-926F-FCFCA34C4489}"
EndProject
Project("{9A19103F-16F7-4668-BE54-9A1E7A4F7556}") = "R5T.T0176", "..\..\R5T.T0176\source\R5T.T0176\R5T.T0176.csproj", "{9CA6D8D0-BE66-4C9F-AA5B-BC52301C7B52}"
EndProject
Project("{9A19103F-16F7-4668-BE54-9A1E7A4F7556}") = "R5T.T0177", "..\..\R5T.T0177\source\R5T.T0177\R5T.T0177.csproj", "{4F71B5AD-058C-49D4-AF61-936EDC3FFE53}"
EndProject
Project("{9A19103F-16F7-4668-BE54-9A1E7A4F7556}") = "R5T.T0178", "..\..\R5T.T0178\source\R5T.T0178\R5T.T0178.csproj", "{A0B1B8B7-E885-49A4-942E-07BE0FE33386}"
EndProject
Project("{9A19103F-16F7-4668-BE54-9A1E7A4F7556}") = "R5T.T0179", "..\..\R5T.T0179\source\R5T.T0179\R5T.T0179.csproj", "{A76D8373-9001-4F0E-BEB5-ACC5D787072A}"
EndProject
Project("{9A19103F-16F7-4668-BE54-9A1E7A4F7556}") = "R5T.T0180", "..\..\R5T.T0180\source\R5T.T0180\R5T.T0180.csproj", "{89611202-4E38-48BF-9042-A2D1AE637B58}"
EndProject
Project("{9A19103F-16F7-4668-BE54-9A1E7A4F7556}") = "R5T.T0181", "..\..\R5T.T0181\source\R5T.T0181\R5T.T0181.csproj", "{287D922B-9E59-430F-A9E3-7E8E1ED6CAE2}"
EndProject
Project("{9A19103F-16F7-4668-BE54-9A1E7A4F7556}") = "R5T.T0185", "..\..\R5T.T0185\source\R5T.T0185\R5T.T0185.csproj", "{23C02F0A-91C5-40A0-856E-55FE79DD3D99}"
EndProject
Project("{9A19103F-16F7-4668-BE54-9A1E7A4F7556}") = "R5T.T0199.T000", "..\..\R5T.T0199\source\R5T.T0199.T000\R5T.T0199.T000.csproj", "{B71F561F-7862-47DD-A766-478952BFA357}"
EndProject
Project("{9A19103F-16F7-4668-BE54-9A1E7A4F7556}") = "R5T.T0199.T001", "..\..\R5T.T0199\source\R5T.T0199.T001\R5T.T0199.T001.csproj", "{84943B69-88EF-464D-8E12-BD4FE7D723D9}"
EndProject
Project("{9A19103F-16F7-4668-BE54-9A1E7A4F7556}") = "R5T.T0199", "..\..\R5T.T0199\source\R5T.T0199\R5T.T0199.csproj", "{41D80795-F1E5-49AF-9DF5-116A01AA2B95}"
EndProject
Project("{9A19103F-16F7-4668-BE54-9A1E7A4F7556}") = "R5T.T0203", "..\..\R5T.T0203\source\R5T.T0203\R5T.T0203.csproj", "{456BB381-385B-4D85-A363-96C4F4B67CF8}"
EndProject
Project("{9A19103F-16F7-4668-BE54-9A1E7A4F7556}") = "R5T.T0213", "..\..\R5T.T0213\source\R5T.T0213\R5T.T0213.csproj", "{9BA13A75-F666-44D3-AA69-A00005A2C156}"
EndProject
Project("{9A19103F-16F7-4668-BE54-9A1E7A4F7556}") = "R5T.T0218", "..\..\R5T.T0218\source\R5T.T0218\R5T.T0218.csproj", "{64C4BB2C-EF3F-4DAA-9168-1F1BE7B2BEE9}"
EndProject
Project("{9A19103F-16F7-4668-BE54-9A1E7A4F7556}") = "R5T.T0219", "..\..\R5T.T0219\source\R5T.T0219\R5T.T0219.csproj", "{DD83E3FE-3C1F-4AE3-9D7F-753BD35A5D62}"
EndProject
Project("{9A19103F-16F7-4668-BE54-9A1E7A4F7556}") = "R5T.T0220", "..\..\R5T.T0220\source\R5T.T0220\R5T.T0220.csproj", "{88DB9116-8D8B-4F19-82E2-F8D60E8A3D55}"
EndProject
Project("{9A19103F-16F7-4668-BE54-9A1E7A4F7556}") = "R5T.T0221", "..\..\R5T.T0221\source\R5T.T0221\R5T.T0221.csproj", "{4A24D9C6-ACFB-4556-9BEE-296B87EC2578}"
EndProject
Project("{9A19103F-16F7-4668-BE54-9A1E7A4F7556}") = "R5T.T0227", "..\..\R5T.T0227\source\R5T.T0227\R5T.T0227.csproj", "{74AA583C-200F-487E-B06B-33B836B33EFE}"
EndProject
Project("{9A19103F-16F7-4668-BE54-9A1E7A4F7556}") = "R5T.T0241", "..\..\R5T.T0241\source\R5T.T0241\R5T.T0241.csproj", "{0047BB06-E476-4516-81AE-26988F1A028C}"
EndProject
Project("{9A19103F-16F7-4668-BE54-9A1E7A4F7556}") = "R5T.Y0000", "..\..\R5T.Y0000\source\R5T.Y0000\R5T.Y0000.csproj", "{93A9131B-E347-4868-AD3E-A6332F7FCDD8}"
EndProject
Project("{9A19103F-16F7-4668-BE54-9A1E7A4F7556}") = "R5T.Y0006", "..\..\R5T.Y0006\source\R5T.Y0006\R5T.Y0006.csproj", "{4E232561-EE45-4B98-947F-E34A464E145E}"
EndProject
Project("{9A19103F-16F7-4668-BE54-9A1E7A4F7556}") = "R5T.Z0000", "..\..\R5T.Z0000\source\R5T.Z0000\R5T.Z0000.csproj", "{F01C0CA4-855B-4691-9887-EAF991E38F7E}"
EndProject
Project("{9A19103F-16F7-4668-BE54-9A1E7A4F7556}") = "R5T.Z0010.Platform", "..\..\R5T.Z0010\source\R5T.Z0010.Platform\R5T.Z0010.Platform.csproj", "{C957E75A-4355-4561-B511-CD92037CE8E7}"
EndProject
Project("{9A19103F-16F7-4668-BE54-9A1E7A4F7556}") = "R5T.Z0010", "..\..\R5T.Z0010\source\R5T.Z0010\R5T.Z0010.csproj", "{8D2568BE-CEC7-4546-A4BD-70B7EBD08360}"
EndProject
Project("{9A19103F-16F7-4668-BE54-9A1E7A4F7556}") = "R5T.Z0057.Platform", "..\..\R5T.Z0057\source\R5T.Z0057.Platform\R5T.Z0057.Platform.csproj", "{DBC226D9-C6F2-43C6-B9AB-FB905BD7B44E}"
EndProject
Project("{9A19103F-16F7-4668-BE54-9A1E7A4F7556}") = "R5T.Z0057", "..\..\R5T.Z0057\source\R5T.Z0057\R5T.Z0057.csproj", "{83671D4B-AB0B-42CD-B0F2-31761DCEBA43}"
EndProject
Project("{9A19103F-16F7-4668-BE54-9A1E7A4F7556}") = "R5T.Z0058", "..\..\R5T.Z0058\source\R5T.Z0058\R5T.Z0058.csproj", "{2354EBB5-CDF9-4D80-97CF-EE3F6D871A9F}"
EndProject
Project("{9A19103F-16F7-4668-BE54-9A1E7A4F7556}") = "R5T.NG0026", "..\..\R5T.NG0026\source\R5T.NG0026\R5T.NG0026.csproj", "{A610C2A1-647F-4C0D-B03A-BFA59CDFD376}"
EndProject
Project("{2150E333-8FDC-42A3-9474-1A3956D46DE8}") = "Solution Items", "Solution Items", "{B0E3846E-1610-419C-A545-DAAD65835410}"
	ProjectSection(SolutionItems) = preProject
		.editorconfig = .editorconfig
	EndProjectSection
EndProject
Project("{9A19103F-16F7-4668-BE54-9A1E7A4F7556}") = "R5T.NG0025", "..\..\R5T.NG0025\source\R5T.NG0025\R5T.NG0025.csproj", "{16652773-B52C-4678-9B01-D78DD0946CAE}"
EndProject
Project("{9A19103F-16F7-4668-BE54-9A1E7A4F7556}") = "R5T.T0249", "..\..\R5T.T0249\source\R5T.T0249\R5T.T0249.csproj", "{E1DB1057-9019-4898-B219-C40C704E0995}"
EndProject
Project("{9A19103F-16F7-4668-BE54-9A1E7A4F7556}") = "R5T.T0250", "..\..\R5T.T0250\source\R5T.T0250\R5T.T0250.csproj", "{F1E49531-EC0B-4C09-B1FA-D1FCB0C5282E}"
EndProject
Global
	GlobalSection(NestedProjects) = preSolution
		{7E81F8E6-5D45-4BD4-9F1C-DDF3B583EA87} = {B7D23FA5-55AE-44D4-97B5-DFD02832EAD4}
		{C40090A1-406E-4EFF-9FFE-FA1C55BCBD3D} = {B7D23FA5-55AE-44D4-97B5-DFD02832EAD4}
		{3ED8161C-C994-4FCA-8171-CEE05A39CFDF} = {B7D23FA5-55AE-44D4-97B5-DFD02832EAD4}
		{A6A90AC6-3403-44D5-BC3E-369BCFB27667} = {B7D23FA5-55AE-44D4-97B5-DFD02832EAD4}
		{1F45A548-11E1-4B86-84F7-F1CD2439C3E8} = {B7D23FA5-55AE-44D4-97B5-DFD02832EAD4}
		{8BD56847-5199-45DD-B22F-E1196030EEF0} = {B7D23FA5-55AE-44D4-97B5-DFD02832EAD4}
		{11501A19-5998-47DA-AD0C-180D34060374} = {B7D23FA5-55AE-44D4-97B5-DFD02832EAD4}
		{7174D541-2912-440A-BDED-0F80E08E6206} = {B7D23FA5-55AE-44D4-97B5-DFD02832EAD4}
		{739E5F85-7342-4E0B-9F20-A07A1AF9EC77} = {B7D23FA5-55AE-44D4-97B5-DFD02832EAD4}
		{631966EE-F87D-4831-96B6-AB018C692C6E} = {B7D23FA5-55AE-44D4-97B5-DFD02832EAD4}
		{5893FE89-5F10-49BB-B328-07B566E83E4D} = {B7D23FA5-55AE-44D4-97B5-DFD02832EAD4}
		{97EEB103-9F13-49A0-8117-2D3E132D867E} = {B7D23FA5-55AE-44D4-97B5-DFD02832EAD4}
		{2A7B62A7-2126-4268-BA23-B478B5CDFE40} = {B7D23FA5-55AE-44D4-97B5-DFD02832EAD4}
		{99F079D4-E05F-4FDD-8AA1-8BEA02FEA718} = {B7D23FA5-55AE-44D4-97B5-DFD02832EAD4}
		{D776D33A-00D7-4113-8882-947A30D415E9} = {B7D23FA5-55AE-44D4-97B5-DFD02832EAD4}
		{1C256E20-F2AC-483B-8CDB-093DF70989A3} = {B7D23FA5-55AE-44D4-97B5-DFD02832EAD4}
		{C2BD6F4C-4112-4D60-BFB3-7F3C7C92E637} = {B7D23FA5-55AE-44D4-97B5-DFD02832EAD4}
		{F83AE4C1-3502-4FB0-B92B-85EB54B20ED1} = {B7D23FA5-55AE-44D4-97B5-DFD02832EAD4}
		{BC24C00C-051A-4F5F-BB31-705A98B407E5} = {B7D23FA5-55AE-44D4-97B5-DFD02832EAD4}
		{1DF6D548-42A2-4C02-BE9E-8E799EDE7F89} = {B7D23FA5-55AE-44D4-97B5-DFD02832EAD4}
		{1DBB67AB-9153-4544-8996-30E744209C0C} = {B7D23FA5-55AE-44D4-97B5-DFD02832EAD4}
		{CD4C1B9C-3FB5-4652-837B-F253AF1F8814} = {B7D23FA5-55AE-44D4-97B5-DFD02832EAD4}
		{19591514-DEA6-4140-8603-7E355BCB6F86} = {B7D23FA5-55AE-44D4-97B5-DFD02832EAD4}
		{BF3E26D7-C3EA-4AB5-AFF1-0093AF9CC007} = {B7D23FA5-55AE-44D4-97B5-DFD02832EAD4}
		{8150BF72-EFE6-4411-AF48-C476EBDB7C9D} = {B7D23FA5-55AE-44D4-97B5-DFD02832EAD4}
		{F173FD3F-907D-47FB-A363-C492918A284B} = {B7D23FA5-55AE-44D4-97B5-DFD02832EAD4}
		{ACA7C8A4-6197-4EB4-A83C-E9FBF0CBC0EE} = {B7D23FA5-55AE-44D4-97B5-DFD02832EAD4}
		{90607270-8565-4CA3-BCDC-B16B877A6730} = {B7D23FA5-55AE-44D4-97B5-DFD02832EAD4}
		{133EE0F2-376E-4F31-9CF2-C0166085D8B7} = {B7D23FA5-55AE-44D4-97B5-DFD02832EAD4}
		{23C72E3B-A0F5-46AF-877B-724B15F76C22} = {B7D23FA5-55AE-44D4-97B5-DFD02832EAD4}
		{A096B036-D0A0-46E0-926F-FCFCA34C4489} = {B7D23FA5-55AE-44D4-97B5-DFD02832EAD4}
		{9CA6D8D0-BE66-4C9F-AA5B-BC52301C7B52} = {B7D23FA5-55AE-44D4-97B5-DFD02832EAD4}
		{4F71B5AD-058C-49D4-AF61-936EDC3FFE53} = {B7D23FA5-55AE-44D4-97B5-DFD02832EAD4}
		{A0B1B8B7-E885-49A4-942E-07BE0FE33386} = {B7D23FA5-55AE-44D4-97B5-DFD02832EAD4}
		{A76D8373-9001-4F0E-BEB5-ACC5D787072A} = {B7D23FA5-55AE-44D4-97B5-DFD02832EAD4}
		{89611202-4E38-48BF-9042-A2D1AE637B58} = {B7D23FA5-55AE-44D4-97B5-DFD02832EAD4}
		{287D922B-9E59-430F-A9E3-7E8E1ED6CAE2} = {B7D23FA5-55AE-44D4-97B5-DFD02832EAD4}
		{23C02F0A-91C5-40A0-856E-55FE79DD3D99} = {B7D23FA5-55AE-44D4-97B5-DFD02832EAD4}
		{B71F561F-7862-47DD-A766-478952BFA357} = {B7D23FA5-55AE-44D4-97B5-DFD02832EAD4}
		{84943B69-88EF-464D-8E12-BD4FE7D723D9} = {B7D23FA5-55AE-44D4-97B5-DFD02832EAD4}
		{41D80795-F1E5-49AF-9DF5-116A01AA2B95} = {B7D23FA5-55AE-44D4-97B5-DFD02832EAD4}
		{456BB381-385B-4D85-A363-96C4F4B67CF8} = {B7D23FA5-55AE-44D4-97B5-DFD02832EAD4}
		{9BA13A75-F666-44D3-AA69-A00005A2C156} = {B7D23FA5-55AE-44D4-97B5-DFD02832EAD4}
		{64C4BB2C-EF3F-4DAA-9168-1F1BE7B2BEE9} = {B7D23FA5-55AE-44D4-97B5-DFD02832EAD4}
		{DD83E3FE-3C1F-4AE3-9D7F-753BD35A5D62} = {B7D23FA5-55AE-44D4-97B5-DFD02832EAD4}
		{88DB9116-8D8B-4F19-82E2-F8D60E8A3D55} = {B7D23FA5-55AE-44D4-97B5-DFD02832EAD4}
		{4A24D9C6-ACFB-4556-9BEE-296B87EC2578} = {B7D23FA5-55AE-44D4-97B5-DFD02832EAD4}
		{74AA583C-200F-487E-B06B-33B836B33EFE} = {B7D23FA5-55AE-44D4-97B5-DFD02832EAD4}
		{0047BB06-E476-4516-81AE-26988F1A028C} = {B7D23FA5-55AE-44D4-97B5-DFD02832EAD4}
		{93A9131B-E347-4868-AD3E-A6332F7FCDD8} = {B7D23FA5-55AE-44D4-97B5-DFD02832EAD4}
		{4E232561-EE45-4B98-947F-E34A464E145E} = {B7D23FA5-55AE-44D4-97B5-DFD02832EAD4}
		{F01C0CA4-855B-4691-9887-EAF991E38F7E} = {B7D23FA5-55AE-44D4-97B5-DFD02832EAD4}
		{C957E75A-4355-4561-B511-CD92037CE8E7} = {B7D23FA5-55AE-44D4-97B5-DFD02832EAD4}
		{8D2568BE-CEC7-4546-A4BD-70B7EBD08360} = {B7D23FA5-55AE-44D4-97B5-DFD02832EAD4}
		{DBC226D9-C6F2-43C6-B9AB-FB905BD7B44E} = {B7D23FA5-55AE-44D4-97B5-DFD02832EAD4}
		{83671D4B-AB0B-42CD-B0F2-31761DCEBA43} = {B7D23FA5-55AE-44D4-97B5-DFD02832EAD4}
		{2354EBB5-CDF9-4D80-97CF-EE3F6D871A9F} = {B7D23FA5-55AE-44D4-97B5-DFD02832EAD4}
		{A610C2A1-647F-4C0D-B03A-BFA59CDFD376} = {B7D23FA5-55AE-44D4-97B5-DFD02832EAD4}
		{16652773-B52C-4678-9B01-D78DD0946CAE} = {B7D23FA5-55AE-44D4-97B5-DFD02832EAD4}
		{E1DB1057-9019-4898-B219-C40C704E0995} = {B7D23FA5-55AE-44D4-97B5-DFD02832EAD4}
		{F1E49531-EC0B-4C09-B1FA-D1FCB0C5282E} = {B7D23FA5-55AE-44D4-97B5-DFD02832EAD4}
	EndGlobalSection
	GlobalSection(SolutionConfigurationPlatforms) = preSolution
		Debug|Any CPU = Debug|Any CPU
		Release|Any CPU = Release|Any CPU
	EndGlobalSection
	GlobalSection(ProjectConfigurationPlatforms) = postSolution
		{8B5659B3-EA12-4ED6-A6C9-F7BFFBED94F5}.Debug|Any CPU.ActiveCfg = Debug|Any CPU
		{8B5659B3-EA12-4ED6-A6C9-F7BFFBED94F5}.Debug|Any CPU.Build.0 = Debug|Any CPU
		{8B5659B3-EA12-4ED6-A6C9-F7BFFBED94F5}.Release|Any CPU.ActiveCfg = Release|Any CPU
		{8B5659B3-EA12-4ED6-A6C9-F7BFFBED94F5}.Release|Any CPU.Build.0 = Release|Any CPU
		{1A28F205-4392-49D9-9AC5-D5DDF5B5E85A}.Debug|Any CPU.ActiveCfg = Debug|Any CPU
		{1A28F205-4392-49D9-9AC5-D5DDF5B5E85A}.Debug|Any CPU.Build.0 = Debug|Any CPU
		{1A28F205-4392-49D9-9AC5-D5DDF5B5E85A}.Release|Any CPU.ActiveCfg = Release|Any CPU
		{1A28F205-4392-49D9-9AC5-D5DDF5B5E85A}.Release|Any CPU.Build.0 = Release|Any CPU
		{7E81F8E6-5D45-4BD4-9F1C-DDF3B583EA87}.Debug|Any CPU.ActiveCfg = Debug|Any CPU
		{7E81F8E6-5D45-4BD4-9F1C-DDF3B583EA87}.Debug|Any CPU.Build.0 = Debug|Any CPU
		{7E81F8E6-5D45-4BD4-9F1C-DDF3B583EA87}.Release|Any CPU.ActiveCfg = Release|Any CPU
		{7E81F8E6-5D45-4BD4-9F1C-DDF3B583EA87}.Release|Any CPU.Build.0 = Release|Any CPU
		{C40090A1-406E-4EFF-9FFE-FA1C55BCBD3D}.Debug|Any CPU.ActiveCfg = Debug|Any CPU
		{C40090A1-406E-4EFF-9FFE-FA1C55BCBD3D}.Debug|Any CPU.Build.0 = Debug|Any CPU
		{C40090A1-406E-4EFF-9FFE-FA1C55BCBD3D}.Release|Any CPU.ActiveCfg = Release|Any CPU
		{C40090A1-406E-4EFF-9FFE-FA1C55BCBD3D}.Release|Any CPU.Build.0 = Release|Any CPU
		{3ED8161C-C994-4FCA-8171-CEE05A39CFDF}.Debug|Any CPU.ActiveCfg = Debug|Any CPU
		{3ED8161C-C994-4FCA-8171-CEE05A39CFDF}.Debug|Any CPU.Build.0 = Debug|Any CPU
		{3ED8161C-C994-4FCA-8171-CEE05A39CFDF}.Release|Any CPU.ActiveCfg = Release|Any CPU
		{3ED8161C-C994-4FCA-8171-CEE05A39CFDF}.Release|Any CPU.Build.0 = Release|Any CPU
		{A6A90AC6-3403-44D5-BC3E-369BCFB27667}.Debug|Any CPU.ActiveCfg = Debug|Any CPU
		{A6A90AC6-3403-44D5-BC3E-369BCFB27667}.Debug|Any CPU.Build.0 = Debug|Any CPU
		{A6A90AC6-3403-44D5-BC3E-369BCFB27667}.Release|Any CPU.ActiveCfg = Release|Any CPU
		{A6A90AC6-3403-44D5-BC3E-369BCFB27667}.Release|Any CPU.Build.0 = Release|Any CPU
		{1F45A548-11E1-4B86-84F7-F1CD2439C3E8}.Debug|Any CPU.ActiveCfg = Debug|Any CPU
		{1F45A548-11E1-4B86-84F7-F1CD2439C3E8}.Debug|Any CPU.Build.0 = Debug|Any CPU
		{1F45A548-11E1-4B86-84F7-F1CD2439C3E8}.Release|Any CPU.ActiveCfg = Release|Any CPU
		{1F45A548-11E1-4B86-84F7-F1CD2439C3E8}.Release|Any CPU.Build.0 = Release|Any CPU
		{8BD56847-5199-45DD-B22F-E1196030EEF0}.Debug|Any CPU.ActiveCfg = Debug|Any CPU
		{8BD56847-5199-45DD-B22F-E1196030EEF0}.Debug|Any CPU.Build.0 = Debug|Any CPU
		{8BD56847-5199-45DD-B22F-E1196030EEF0}.Release|Any CPU.ActiveCfg = Release|Any CPU
		{8BD56847-5199-45DD-B22F-E1196030EEF0}.Release|Any CPU.Build.0 = Release|Any CPU
		{11501A19-5998-47DA-AD0C-180D34060374}.Debug|Any CPU.ActiveCfg = Debug|Any CPU
		{11501A19-5998-47DA-AD0C-180D34060374}.Debug|Any CPU.Build.0 = Debug|Any CPU
		{11501A19-5998-47DA-AD0C-180D34060374}.Release|Any CPU.ActiveCfg = Release|Any CPU
		{11501A19-5998-47DA-AD0C-180D34060374}.Release|Any CPU.Build.0 = Release|Any CPU
		{7174D541-2912-440A-BDED-0F80E08E6206}.Debug|Any CPU.ActiveCfg = Debug|Any CPU
		{7174D541-2912-440A-BDED-0F80E08E6206}.Debug|Any CPU.Build.0 = Debug|Any CPU
		{7174D541-2912-440A-BDED-0F80E08E6206}.Release|Any CPU.ActiveCfg = Release|Any CPU
		{7174D541-2912-440A-BDED-0F80E08E6206}.Release|Any CPU.Build.0 = Release|Any CPU
		{739E5F85-7342-4E0B-9F20-A07A1AF9EC77}.Debug|Any CPU.ActiveCfg = Debug|Any CPU
		{739E5F85-7342-4E0B-9F20-A07A1AF9EC77}.Debug|Any CPU.Build.0 = Debug|Any CPU
		{739E5F85-7342-4E0B-9F20-A07A1AF9EC77}.Release|Any CPU.ActiveCfg = Release|Any CPU
		{739E5F85-7342-4E0B-9F20-A07A1AF9EC77}.Release|Any CPU.Build.0 = Release|Any CPU
		{631966EE-F87D-4831-96B6-AB018C692C6E}.Debug|Any CPU.ActiveCfg = Debug|Any CPU
		{631966EE-F87D-4831-96B6-AB018C692C6E}.Debug|Any CPU.Build.0 = Debug|Any CPU
		{631966EE-F87D-4831-96B6-AB018C692C6E}.Release|Any CPU.ActiveCfg = Release|Any CPU
		{631966EE-F87D-4831-96B6-AB018C692C6E}.Release|Any CPU.Build.0 = Release|Any CPU
		{5893FE89-5F10-49BB-B328-07B566E83E4D}.Debug|Any CPU.ActiveCfg = Debug|Any CPU
		{5893FE89-5F10-49BB-B328-07B566E83E4D}.Debug|Any CPU.Build.0 = Debug|Any CPU
		{5893FE89-5F10-49BB-B328-07B566E83E4D}.Release|Any CPU.ActiveCfg = Release|Any CPU
		{5893FE89-5F10-49BB-B328-07B566E83E4D}.Release|Any CPU.Build.0 = Release|Any CPU
		{97EEB103-9F13-49A0-8117-2D3E132D867E}.Debug|Any CPU.ActiveCfg = Debug|Any CPU
		{97EEB103-9F13-49A0-8117-2D3E132D867E}.Debug|Any CPU.Build.0 = Debug|Any CPU
		{97EEB103-9F13-49A0-8117-2D3E132D867E}.Release|Any CPU.ActiveCfg = Release|Any CPU
		{97EEB103-9F13-49A0-8117-2D3E132D867E}.Release|Any CPU.Build.0 = Release|Any CPU
		{2A7B62A7-2126-4268-BA23-B478B5CDFE40}.Debug|Any CPU.ActiveCfg = Debug|Any CPU
		{2A7B62A7-2126-4268-BA23-B478B5CDFE40}.Debug|Any CPU.Build.0 = Debug|Any CPU
		{2A7B62A7-2126-4268-BA23-B478B5CDFE40}.Release|Any CPU.ActiveCfg = Release|Any CPU
		{2A7B62A7-2126-4268-BA23-B478B5CDFE40}.Release|Any CPU.Build.0 = Release|Any CPU
		{99F079D4-E05F-4FDD-8AA1-8BEA02FEA718}.Debug|Any CPU.ActiveCfg = Debug|Any CPU
		{99F079D4-E05F-4FDD-8AA1-8BEA02FEA718}.Debug|Any CPU.Build.0 = Debug|Any CPU
		{99F079D4-E05F-4FDD-8AA1-8BEA02FEA718}.Release|Any CPU.ActiveCfg = Release|Any CPU
		{99F079D4-E05F-4FDD-8AA1-8BEA02FEA718}.Release|Any CPU.Build.0 = Release|Any CPU
		{D776D33A-00D7-4113-8882-947A30D415E9}.Debug|Any CPU.ActiveCfg = Debug|Any CPU
		{D776D33A-00D7-4113-8882-947A30D415E9}.Debug|Any CPU.Build.0 = Debug|Any CPU
		{D776D33A-00D7-4113-8882-947A30D415E9}.Release|Any CPU.ActiveCfg = Release|Any CPU
		{D776D33A-00D7-4113-8882-947A30D415E9}.Release|Any CPU.Build.0 = Release|Any CPU
		{1C256E20-F2AC-483B-8CDB-093DF70989A3}.Debug|Any CPU.ActiveCfg = Debug|Any CPU
		{1C256E20-F2AC-483B-8CDB-093DF70989A3}.Debug|Any CPU.Build.0 = Debug|Any CPU
		{1C256E20-F2AC-483B-8CDB-093DF70989A3}.Release|Any CPU.ActiveCfg = Release|Any CPU
		{1C256E20-F2AC-483B-8CDB-093DF70989A3}.Release|Any CPU.Build.0 = Release|Any CPU
		{C2BD6F4C-4112-4D60-BFB3-7F3C7C92E637}.Debug|Any CPU.ActiveCfg = Debug|Any CPU
		{C2BD6F4C-4112-4D60-BFB3-7F3C7C92E637}.Debug|Any CPU.Build.0 = Debug|Any CPU
		{C2BD6F4C-4112-4D60-BFB3-7F3C7C92E637}.Release|Any CPU.ActiveCfg = Release|Any CPU
		{C2BD6F4C-4112-4D60-BFB3-7F3C7C92E637}.Release|Any CPU.Build.0 = Release|Any CPU
		{F83AE4C1-3502-4FB0-B92B-85EB54B20ED1}.Debug|Any CPU.ActiveCfg = Debug|Any CPU
		{F83AE4C1-3502-4FB0-B92B-85EB54B20ED1}.Debug|Any CPU.Build.0 = Debug|Any CPU
		{F83AE4C1-3502-4FB0-B92B-85EB54B20ED1}.Release|Any CPU.ActiveCfg = Release|Any CPU
		{F83AE4C1-3502-4FB0-B92B-85EB54B20ED1}.Release|Any CPU.Build.0 = Release|Any CPU
		{BC24C00C-051A-4F5F-BB31-705A98B407E5}.Debug|Any CPU.ActiveCfg = Debug|Any CPU
		{BC24C00C-051A-4F5F-BB31-705A98B407E5}.Debug|Any CPU.Build.0 = Debug|Any CPU
		{BC24C00C-051A-4F5F-BB31-705A98B407E5}.Release|Any CPU.ActiveCfg = Release|Any CPU
		{BC24C00C-051A-4F5F-BB31-705A98B407E5}.Release|Any CPU.Build.0 = Release|Any CPU
		{1DF6D548-42A2-4C02-BE9E-8E799EDE7F89}.Debug|Any CPU.ActiveCfg = Debug|Any CPU
		{1DF6D548-42A2-4C02-BE9E-8E799EDE7F89}.Debug|Any CPU.Build.0 = Debug|Any CPU
		{1DF6D548-42A2-4C02-BE9E-8E799EDE7F89}.Release|Any CPU.ActiveCfg = Release|Any CPU
		{1DF6D548-42A2-4C02-BE9E-8E799EDE7F89}.Release|Any CPU.Build.0 = Release|Any CPU
		{1DBB67AB-9153-4544-8996-30E744209C0C}.Debug|Any CPU.ActiveCfg = Debug|Any CPU
		{1DBB67AB-9153-4544-8996-30E744209C0C}.Debug|Any CPU.Build.0 = Debug|Any CPU
		{1DBB67AB-9153-4544-8996-30E744209C0C}.Release|Any CPU.ActiveCfg = Release|Any CPU
		{1DBB67AB-9153-4544-8996-30E744209C0C}.Release|Any CPU.Build.0 = Release|Any CPU
		{CD4C1B9C-3FB5-4652-837B-F253AF1F8814}.Debug|Any CPU.ActiveCfg = Debug|Any CPU
		{CD4C1B9C-3FB5-4652-837B-F253AF1F8814}.Debug|Any CPU.Build.0 = Debug|Any CPU
		{CD4C1B9C-3FB5-4652-837B-F253AF1F8814}.Release|Any CPU.ActiveCfg = Release|Any CPU
		{CD4C1B9C-3FB5-4652-837B-F253AF1F8814}.Release|Any CPU.Build.0 = Release|Any CPU
		{19591514-DEA6-4140-8603-7E355BCB6F86}.Debug|Any CPU.ActiveCfg = Debug|Any CPU
		{19591514-DEA6-4140-8603-7E355BCB6F86}.Debug|Any CPU.Build.0 = Debug|Any CPU
		{19591514-DEA6-4140-8603-7E355BCB6F86}.Release|Any CPU.ActiveCfg = Release|Any CPU
		{19591514-DEA6-4140-8603-7E355BCB6F86}.Release|Any CPU.Build.0 = Release|Any CPU
		{BF3E26D7-C3EA-4AB5-AFF1-0093AF9CC007}.Debug|Any CPU.ActiveCfg = Debug|Any CPU
		{BF3E26D7-C3EA-4AB5-AFF1-0093AF9CC007}.Debug|Any CPU.Build.0 = Debug|Any CPU
		{BF3E26D7-C3EA-4AB5-AFF1-0093AF9CC007}.Release|Any CPU.ActiveCfg = Release|Any CPU
		{BF3E26D7-C3EA-4AB5-AFF1-0093AF9CC007}.Release|Any CPU.Build.0 = Release|Any CPU
		{8150BF72-EFE6-4411-AF48-C476EBDB7C9D}.Debug|Any CPU.ActiveCfg = Debug|Any CPU
		{8150BF72-EFE6-4411-AF48-C476EBDB7C9D}.Debug|Any CPU.Build.0 = Debug|Any CPU
		{8150BF72-EFE6-4411-AF48-C476EBDB7C9D}.Release|Any CPU.ActiveCfg = Release|Any CPU
		{8150BF72-EFE6-4411-AF48-C476EBDB7C9D}.Release|Any CPU.Build.0 = Release|Any CPU
		{F173FD3F-907D-47FB-A363-C492918A284B}.Debug|Any CPU.ActiveCfg = Debug|Any CPU
		{F173FD3F-907D-47FB-A363-C492918A284B}.Debug|Any CPU.Build.0 = Debug|Any CPU
		{F173FD3F-907D-47FB-A363-C492918A284B}.Release|Any CPU.ActiveCfg = Release|Any CPU
		{F173FD3F-907D-47FB-A363-C492918A284B}.Release|Any CPU.Build.0 = Release|Any CPU
		{ACA7C8A4-6197-4EB4-A83C-E9FBF0CBC0EE}.Debug|Any CPU.ActiveCfg = Debug|Any CPU
		{ACA7C8A4-6197-4EB4-A83C-E9FBF0CBC0EE}.Debug|Any CPU.Build.0 = Debug|Any CPU
		{ACA7C8A4-6197-4EB4-A83C-E9FBF0CBC0EE}.Release|Any CPU.ActiveCfg = Release|Any CPU
		{ACA7C8A4-6197-4EB4-A83C-E9FBF0CBC0EE}.Release|Any CPU.Build.0 = Release|Any CPU
		{90607270-8565-4CA3-BCDC-B16B877A6730}.Debug|Any CPU.ActiveCfg = Debug|Any CPU
		{90607270-8565-4CA3-BCDC-B16B877A6730}.Debug|Any CPU.Build.0 = Debug|Any CPU
		{90607270-8565-4CA3-BCDC-B16B877A6730}.Release|Any CPU.ActiveCfg = Release|Any CPU
		{90607270-8565-4CA3-BCDC-B16B877A6730}.Release|Any CPU.Build.0 = Release|Any CPU
		{133EE0F2-376E-4F31-9CF2-C0166085D8B7}.Debug|Any CPU.ActiveCfg = Debug|Any CPU
		{133EE0F2-376E-4F31-9CF2-C0166085D8B7}.Debug|Any CPU.Build.0 = Debug|Any CPU
		{133EE0F2-376E-4F31-9CF2-C0166085D8B7}.Release|Any CPU.ActiveCfg = Release|Any CPU
		{133EE0F2-376E-4F31-9CF2-C0166085D8B7}.Release|Any CPU.Build.0 = Release|Any CPU
		{23C72E3B-A0F5-46AF-877B-724B15F76C22}.Debug|Any CPU.ActiveCfg = Debug|Any CPU
		{23C72E3B-A0F5-46AF-877B-724B15F76C22}.Debug|Any CPU.Build.0 = Debug|Any CPU
		{23C72E3B-A0F5-46AF-877B-724B15F76C22}.Release|Any CPU.ActiveCfg = Release|Any CPU
		{23C72E3B-A0F5-46AF-877B-724B15F76C22}.Release|Any CPU.Build.0 = Release|Any CPU
		{A096B036-D0A0-46E0-926F-FCFCA34C4489}.Debug|Any CPU.ActiveCfg = Debug|Any CPU
		{A096B036-D0A0-46E0-926F-FCFCA34C4489}.Debug|Any CPU.Build.0 = Debug|Any CPU
		{A096B036-D0A0-46E0-926F-FCFCA34C4489}.Release|Any CPU.ActiveCfg = Release|Any CPU
		{A096B036-D0A0-46E0-926F-FCFCA34C4489}.Release|Any CPU.Build.0 = Release|Any CPU
		{9CA6D8D0-BE66-4C9F-AA5B-BC52301C7B52}.Debug|Any CPU.ActiveCfg = Debug|Any CPU
		{9CA6D8D0-BE66-4C9F-AA5B-BC52301C7B52}.Debug|Any CPU.Build.0 = Debug|Any CPU
		{9CA6D8D0-BE66-4C9F-AA5B-BC52301C7B52}.Release|Any CPU.ActiveCfg = Release|Any CPU
		{9CA6D8D0-BE66-4C9F-AA5B-BC52301C7B52}.Release|Any CPU.Build.0 = Release|Any CPU
		{4F71B5AD-058C-49D4-AF61-936EDC3FFE53}.Debug|Any CPU.ActiveCfg = Debug|Any CPU
		{4F71B5AD-058C-49D4-AF61-936EDC3FFE53}.Debug|Any CPU.Build.0 = Debug|Any CPU
		{4F71B5AD-058C-49D4-AF61-936EDC3FFE53}.Release|Any CPU.ActiveCfg = Release|Any CPU
		{4F71B5AD-058C-49D4-AF61-936EDC3FFE53}.Release|Any CPU.Build.0 = Release|Any CPU
		{A0B1B8B7-E885-49A4-942E-07BE0FE33386}.Debug|Any CPU.ActiveCfg = Debug|Any CPU
		{A0B1B8B7-E885-49A4-942E-07BE0FE33386}.Debug|Any CPU.Build.0 = Debug|Any CPU
		{A0B1B8B7-E885-49A4-942E-07BE0FE33386}.Release|Any CPU.ActiveCfg = Release|Any CPU
		{A0B1B8B7-E885-49A4-942E-07BE0FE33386}.Release|Any CPU.Build.0 = Release|Any CPU
		{A76D8373-9001-4F0E-BEB5-ACC5D787072A}.Debug|Any CPU.ActiveCfg = Debug|Any CPU
		{A76D8373-9001-4F0E-BEB5-ACC5D787072A}.Debug|Any CPU.Build.0 = Debug|Any CPU
		{A76D8373-9001-4F0E-BEB5-ACC5D787072A}.Release|Any CPU.ActiveCfg = Release|Any CPU
		{A76D8373-9001-4F0E-BEB5-ACC5D787072A}.Release|Any CPU.Build.0 = Release|Any CPU
		{89611202-4E38-48BF-9042-A2D1AE637B58}.Debug|Any CPU.ActiveCfg = Debug|Any CPU
		{89611202-4E38-48BF-9042-A2D1AE637B58}.Debug|Any CPU.Build.0 = Debug|Any CPU
		{89611202-4E38-48BF-9042-A2D1AE637B58}.Release|Any CPU.ActiveCfg = Release|Any CPU
		{89611202-4E38-48BF-9042-A2D1AE637B58}.Release|Any CPU.Build.0 = Release|Any CPU
		{287D922B-9E59-430F-A9E3-7E8E1ED6CAE2}.Debug|Any CPU.ActiveCfg = Debug|Any CPU
		{287D922B-9E59-430F-A9E3-7E8E1ED6CAE2}.Debug|Any CPU.Build.0 = Debug|Any CPU
		{287D922B-9E59-430F-A9E3-7E8E1ED6CAE2}.Release|Any CPU.ActiveCfg = Release|Any CPU
		{287D922B-9E59-430F-A9E3-7E8E1ED6CAE2}.Release|Any CPU.Build.0 = Release|Any CPU
		{23C02F0A-91C5-40A0-856E-55FE79DD3D99}.Debug|Any CPU.ActiveCfg = Debug|Any CPU
		{23C02F0A-91C5-40A0-856E-55FE79DD3D99}.Debug|Any CPU.Build.0 = Debug|Any CPU
		{23C02F0A-91C5-40A0-856E-55FE79DD3D99}.Release|Any CPU.ActiveCfg = Release|Any CPU
		{23C02F0A-91C5-40A0-856E-55FE79DD3D99}.Release|Any CPU.Build.0 = Release|Any CPU
		{B71F561F-7862-47DD-A766-478952BFA357}.Debug|Any CPU.ActiveCfg = Debug|Any CPU
		{B71F561F-7862-47DD-A766-478952BFA357}.Debug|Any CPU.Build.0 = Debug|Any CPU
		{B71F561F-7862-47DD-A766-478952BFA357}.Release|Any CPU.ActiveCfg = Release|Any CPU
		{B71F561F-7862-47DD-A766-478952BFA357}.Release|Any CPU.Build.0 = Release|Any CPU
		{84943B69-88EF-464D-8E12-BD4FE7D723D9}.Debug|Any CPU.ActiveCfg = Debug|Any CPU
		{84943B69-88EF-464D-8E12-BD4FE7D723D9}.Debug|Any CPU.Build.0 = Debug|Any CPU
		{84943B69-88EF-464D-8E12-BD4FE7D723D9}.Release|Any CPU.ActiveCfg = Release|Any CPU
		{84943B69-88EF-464D-8E12-BD4FE7D723D9}.Release|Any CPU.Build.0 = Release|Any CPU
		{41D80795-F1E5-49AF-9DF5-116A01AA2B95}.Debug|Any CPU.ActiveCfg = Debug|Any CPU
		{41D80795-F1E5-49AF-9DF5-116A01AA2B95}.Debug|Any CPU.Build.0 = Debug|Any CPU
		{41D80795-F1E5-49AF-9DF5-116A01AA2B95}.Release|Any CPU.ActiveCfg = Release|Any CPU
		{41D80795-F1E5-49AF-9DF5-116A01AA2B95}.Release|Any CPU.Build.0 = Release|Any CPU
		{456BB381-385B-4D85-A363-96C4F4B67CF8}.Debug|Any CPU.ActiveCfg = Debug|Any CPU
		{456BB381-385B-4D85-A363-96C4F4B67CF8}.Debug|Any CPU.Build.0 = Debug|Any CPU
		{456BB381-385B-4D85-A363-96C4F4B67CF8}.Release|Any CPU.ActiveCfg = Release|Any CPU
		{456BB381-385B-4D85-A363-96C4F4B67CF8}.Release|Any CPU.Build.0 = Release|Any CPU
		{9BA13A75-F666-44D3-AA69-A00005A2C156}.Debug|Any CPU.ActiveCfg = Debug|Any CPU
		{9BA13A75-F666-44D3-AA69-A00005A2C156}.Debug|Any CPU.Build.0 = Debug|Any CPU
		{9BA13A75-F666-44D3-AA69-A00005A2C156}.Release|Any CPU.ActiveCfg = Release|Any CPU
		{9BA13A75-F666-44D3-AA69-A00005A2C156}.Release|Any CPU.Build.0 = Release|Any CPU
		{64C4BB2C-EF3F-4DAA-9168-1F1BE7B2BEE9}.Debug|Any CPU.ActiveCfg = Debug|Any CPU
		{64C4BB2C-EF3F-4DAA-9168-1F1BE7B2BEE9}.Debug|Any CPU.Build.0 = Debug|Any CPU
		{64C4BB2C-EF3F-4DAA-9168-1F1BE7B2BEE9}.Release|Any CPU.ActiveCfg = Release|Any CPU
		{64C4BB2C-EF3F-4DAA-9168-1F1BE7B2BEE9}.Release|Any CPU.Build.0 = Release|Any CPU
		{DD83E3FE-3C1F-4AE3-9D7F-753BD35A5D62}.Debug|Any CPU.ActiveCfg = Debug|Any CPU
		{DD83E3FE-3C1F-4AE3-9D7F-753BD35A5D62}.Debug|Any CPU.Build.0 = Debug|Any CPU
		{DD83E3FE-3C1F-4AE3-9D7F-753BD35A5D62}.Release|Any CPU.ActiveCfg = Release|Any CPU
		{DD83E3FE-3C1F-4AE3-9D7F-753BD35A5D62}.Release|Any CPU.Build.0 = Release|Any CPU
		{88DB9116-8D8B-4F19-82E2-F8D60E8A3D55}.Debug|Any CPU.ActiveCfg = Debug|Any CPU
		{88DB9116-8D8B-4F19-82E2-F8D60E8A3D55}.Debug|Any CPU.Build.0 = Debug|Any CPU
		{88DB9116-8D8B-4F19-82E2-F8D60E8A3D55}.Release|Any CPU.ActiveCfg = Release|Any CPU
		{88DB9116-8D8B-4F19-82E2-F8D60E8A3D55}.Release|Any CPU.Build.0 = Release|Any CPU
		{4A24D9C6-ACFB-4556-9BEE-296B87EC2578}.Debug|Any CPU.ActiveCfg = Debug|Any CPU
		{4A24D9C6-ACFB-4556-9BEE-296B87EC2578}.Debug|Any CPU.Build.0 = Debug|Any CPU
		{4A24D9C6-ACFB-4556-9BEE-296B87EC2578}.Release|Any CPU.ActiveCfg = Release|Any CPU
		{4A24D9C6-ACFB-4556-9BEE-296B87EC2578}.Release|Any CPU.Build.0 = Release|Any CPU
		{74AA583C-200F-487E-B06B-33B836B33EFE}.Debug|Any CPU.ActiveCfg = Debug|Any CPU
		{74AA583C-200F-487E-B06B-33B836B33EFE}.Debug|Any CPU.Build.0 = Debug|Any CPU
		{74AA583C-200F-487E-B06B-33B836B33EFE}.Release|Any CPU.ActiveCfg = Release|Any CPU
		{74AA583C-200F-487E-B06B-33B836B33EFE}.Release|Any CPU.Build.0 = Release|Any CPU
		{0047BB06-E476-4516-81AE-26988F1A028C}.Debug|Any CPU.ActiveCfg = Debug|Any CPU
		{0047BB06-E476-4516-81AE-26988F1A028C}.Debug|Any CPU.Build.0 = Debug|Any CPU
		{0047BB06-E476-4516-81AE-26988F1A028C}.Release|Any CPU.ActiveCfg = Release|Any CPU
		{0047BB06-E476-4516-81AE-26988F1A028C}.Release|Any CPU.Build.0 = Release|Any CPU
		{93A9131B-E347-4868-AD3E-A6332F7FCDD8}.Debug|Any CPU.ActiveCfg = Debug|Any CPU
		{93A9131B-E347-4868-AD3E-A6332F7FCDD8}.Debug|Any CPU.Build.0 = Debug|Any CPU
		{93A9131B-E347-4868-AD3E-A6332F7FCDD8}.Release|Any CPU.ActiveCfg = Release|Any CPU
		{93A9131B-E347-4868-AD3E-A6332F7FCDD8}.Release|Any CPU.Build.0 = Release|Any CPU
		{4E232561-EE45-4B98-947F-E34A464E145E}.Debug|Any CPU.ActiveCfg = Debug|Any CPU
		{4E232561-EE45-4B98-947F-E34A464E145E}.Debug|Any CPU.Build.0 = Debug|Any CPU
		{4E232561-EE45-4B98-947F-E34A464E145E}.Release|Any CPU.ActiveCfg = Release|Any CPU
		{4E232561-EE45-4B98-947F-E34A464E145E}.Release|Any CPU.Build.0 = Release|Any CPU
		{F01C0CA4-855B-4691-9887-EAF991E38F7E}.Debug|Any CPU.ActiveCfg = Debug|Any CPU
		{F01C0CA4-855B-4691-9887-EAF991E38F7E}.Debug|Any CPU.Build.0 = Debug|Any CPU
		{F01C0CA4-855B-4691-9887-EAF991E38F7E}.Release|Any CPU.ActiveCfg = Release|Any CPU
		{F01C0CA4-855B-4691-9887-EAF991E38F7E}.Release|Any CPU.Build.0 = Release|Any CPU
		{C957E75A-4355-4561-B511-CD92037CE8E7}.Debug|Any CPU.ActiveCfg = Debug|Any CPU
		{C957E75A-4355-4561-B511-CD92037CE8E7}.Debug|Any CPU.Build.0 = Debug|Any CPU
		{C957E75A-4355-4561-B511-CD92037CE8E7}.Release|Any CPU.ActiveCfg = Release|Any CPU
		{C957E75A-4355-4561-B511-CD92037CE8E7}.Release|Any CPU.Build.0 = Release|Any CPU
		{8D2568BE-CEC7-4546-A4BD-70B7EBD08360}.Debug|Any CPU.ActiveCfg = Debug|Any CPU
		{8D2568BE-CEC7-4546-A4BD-70B7EBD08360}.Debug|Any CPU.Build.0 = Debug|Any CPU
		{8D2568BE-CEC7-4546-A4BD-70B7EBD08360}.Release|Any CPU.ActiveCfg = Release|Any CPU
		{8D2568BE-CEC7-4546-A4BD-70B7EBD08360}.Release|Any CPU.Build.0 = Release|Any CPU
		{DBC226D9-C6F2-43C6-B9AB-FB905BD7B44E}.Debug|Any CPU.ActiveCfg = Debug|Any CPU
		{DBC226D9-C6F2-43C6-B9AB-FB905BD7B44E}.Debug|Any CPU.Build.0 = Debug|Any CPU
		{DBC226D9-C6F2-43C6-B9AB-FB905BD7B44E}.Release|Any CPU.ActiveCfg = Release|Any CPU
		{DBC226D9-C6F2-43C6-B9AB-FB905BD7B44E}.Release|Any CPU.Build.0 = Release|Any CPU
		{83671D4B-AB0B-42CD-B0F2-31761DCEBA43}.Debug|Any CPU.ActiveCfg = Debug|Any CPU
		{83671D4B-AB0B-42CD-B0F2-31761DCEBA43}.Debug|Any CPU.Build.0 = Debug|Any CPU
		{83671D4B-AB0B-42CD-B0F2-31761DCEBA43}.Release|Any CPU.ActiveCfg = Release|Any CPU
		{83671D4B-AB0B-42CD-B0F2-31761DCEBA43}.Release|Any CPU.Build.0 = Release|Any CPU
		{2354EBB5-CDF9-4D80-97CF-EE3F6D871A9F}.Debug|Any CPU.ActiveCfg = Debug|Any CPU
		{2354EBB5-CDF9-4D80-97CF-EE3F6D871A9F}.Debug|Any CPU.Build.0 = Debug|Any CPU
		{2354EBB5-CDF9-4D80-97CF-EE3F6D871A9F}.Release|Any CPU.ActiveCfg = Release|Any CPU
		{2354EBB5-CDF9-4D80-97CF-EE3F6D871A9F}.Release|Any CPU.Build.0 = Release|Any CPU
		{A610C2A1-647F-4C0D-B03A-BFA59CDFD376}.Debug|Any CPU.ActiveCfg = Debug|Any CPU
		{A610C2A1-647F-4C0D-B03A-BFA59CDFD376}.Debug|Any CPU.Build.0 = Debug|Any CPU
		{A610C2A1-647F-4C0D-B03A-BFA59CDFD376}.Release|Any CPU.ActiveCfg = Release|Any CPU
		{A610C2A1-647F-4C0D-B03A-BFA59CDFD376}.Release|Any CPU.Build.0 = Release|Any CPU
		{16652773-B52C-4678-9B01-D78DD0946CAE}.Debug|Any CPU.ActiveCfg = Debug|Any CPU
		{16652773-B52C-4678-9B01-D78DD0946CAE}.Debug|Any CPU.Build.0 = Debug|Any CPU
		{16652773-B52C-4678-9B01-D78DD0946CAE}.Release|Any CPU.ActiveCfg = Release|Any CPU
		{16652773-B52C-4678-9B01-D78DD0946CAE}.Release|Any CPU.Build.0 = Release|Any CPU
		{E1DB1057-9019-4898-B219-C40C704E0995}.Debug|Any CPU.ActiveCfg = Debug|Any CPU
		{E1DB1057-9019-4898-B219-C40C704E0995}.Debug|Any CPU.Build.0 = Debug|Any CPU
		{E1DB1057-9019-4898-B219-C40C704E0995}.Release|Any CPU.ActiveCfg = Release|Any CPU
		{E1DB1057-9019-4898-B219-C40C704E0995}.Release|Any CPU.Build.0 = Release|Any CPU
		{F1E49531-EC0B-4C09-B1FA-D1FCB0C5282E}.Debug|Any CPU.ActiveCfg = Debug|Any CPU
		{F1E49531-EC0B-4C09-B1FA-D1FCB0C5282E}.Debug|Any CPU.Build.0 = Debug|Any CPU
		{F1E49531-EC0B-4C09-B1FA-D1FCB0C5282E}.Release|Any CPU.ActiveCfg = Release|Any CPU
		{F1E49531-EC0B-4C09-B1FA-D1FCB0C5282E}.Release|Any CPU.Build.0 = Release|Any CPU
	EndGlobalSection
	GlobalSection(SolutionProperties) = preSolution
		HideSolutionNode = FALSE
	EndGlobalSection
	GlobalSection(ExtensibilityGlobals) = postSolution
		SolutionGuid = {6D2FACF8-C85B-4E7F-9BB1-0355D1E09A2D}
	EndGlobalSection
EndGlobal
