
Microsoft Visual Studio Solution File, Format Version 12.00
# Visual Studio Version 17
VisualStudioVersion = 17.2.32630.192
MinimumVisualStudioVersion = 10.0.40219.1
Project("{9A19103F-16F7-4668-BE54-9A1E7A4F7556}") = "R5T.H0001", "R5T.H0001\R5T.H0001.csproj", "{1A28F205-4392-49D9-9AC5-D5DDF5B5E85A}"
EndProject
Project("{2150E333-8FDC-42A3-9474-1A3956D46DE8}") = "_Dependencies", "_Dependencies", "{66B5B637-8D37-4363-802A-140E32AC3E31}"
EndProject
Project("{9A19103F-16F7-4668-BE54-9A1E7A4F7556}") = "R5T.NG0026", "..\..\R5T.NG0026\source\R5T.NG0026\R5T.NG0026.csproj", "{13C20287-5A9F-4284-A5F6-EFCF3391D877}"
EndProject
Project("{9A19103F-16F7-4668-BE54-9A1E7A4F7556}") = "R5T.L0066", "..\..\R5T.L0066\source\R5T.L0066\R5T.L0066.csproj", "{EFA24F2B-A218-45AF-B744-381B3CB73605}"
EndProject
Project("{9A19103F-16F7-4668-BE54-9A1E7A4F7556}") = "R5T.T0131", "..\..\R5T.T0131\source\R5T.T0131\R5T.T0131.csproj", "{428FDBEF-FCB7-4DC3-8A92-92E43C8FABB8}"
EndProject
Project("{9A19103F-16F7-4668-BE54-9A1E7A4F7556}") = "R5T.T0132", "..\..\R5T.T0132\source\R5T.T0132\R5T.T0132.csproj", "{72642B6F-117B-42D8-A7EF-1186B44269DB}"
EndProject
Project("{9A19103F-16F7-4668-BE54-9A1E7A4F7556}") = "R5T.T0142", "..\..\R5T.T0142\source\R5T.T0142\R5T.T0142.csproj", "{2F0D1A85-BF03-48C3-A036-FFDCF356A04D}"
EndProject
Project("{9A19103F-16F7-4668-BE54-9A1E7A4F7556}") = "R5T.T0143", "..\..\R5T.T0143\source\R5T.T0143\R5T.T0143.csproj", "{E9B84E17-2760-432B-8645-64FFC255C533}"
EndProject
Project("{9A19103F-16F7-4668-BE54-9A1E7A4F7556}") = "R5T.T0156", "..\..\R5T.T0156\source\R5T.T0156\R5T.T0156.csproj", "{B882D1A8-7ADA-4479-B252-B82D51FED0D8}"
EndProject
Project("{9A19103F-16F7-4668-BE54-9A1E7A4F7556}") = "R5T.T0241", "..\..\R5T.T0241\source\R5T.T0241\R5T.T0241.csproj", "{8DAC0E78-A32D-4E7E-96F4-B6CD9EC05535}"
EndProject
Project("{9A19103F-16F7-4668-BE54-9A1E7A4F7556}") = "R5T.T0249", "..\..\R5T.T0249\source\R5T.T0249\R5T.T0249.csproj", "{F495C78F-3E50-4ED2-95ED-E6AC8DB64806}"
EndProject
Project("{9A19103F-16F7-4668-BE54-9A1E7A4F7556}") = "R5T.Y0006", "..\..\R5T.Y0006\source\R5T.Y0006\R5T.Y0006.csproj", "{77825888-5635-4DF3-A2D6-8FB22437B2B0}"
EndProject
Project("{9A19103F-16F7-4668-BE54-9A1E7A4F7556}") = "R5T.T0250", "..\..\R5T.T0250\source\R5T.T0250\R5T.T0250.csproj", "{6457A638-9F0F-426A-98BD-677F0877C941}"
EndProject
Global
	GlobalSection(NestedProjects) = preSolution
		{13C20287-5A9F-4284-A5F6-EFCF3391D877} = {66B5B637-8D37-4363-802A-140E32AC3E31}
		{EFA24F2B-A218-45AF-B744-381B3CB73605} = {66B5B637-8D37-4363-802A-140E32AC3E31}
		{428FDBEF-FCB7-4DC3-8A92-92E43C8FABB8} = {66B5B637-8D37-4363-802A-140E32AC3E31}
		{72642B6F-117B-42D8-A7EF-1186B44269DB} = {66B5B637-8D37-4363-802A-140E32AC3E31}
		{2F0D1A85-BF03-48C3-A036-FFDCF356A04D} = {66B5B637-8D37-4363-802A-140E32AC3E31}
		{E9B84E17-2760-432B-8645-64FFC255C533} = {66B5B637-8D37-4363-802A-140E32AC3E31}
		{B882D1A8-7ADA-4479-B252-B82D51FED0D8} = {66B5B637-8D37-4363-802A-140E32AC3E31}
		{8DAC0E78-A32D-4E7E-96F4-B6CD9EC05535} = {66B5B637-8D37-4363-802A-140E32AC3E31}
		{F495C78F-3E50-4ED2-95ED-E6AC8DB64806} = {66B5B637-8D37-4363-802A-140E32AC3E31}
		{77825888-5635-4DF3-A2D6-8FB22437B2B0} = {66B5B637-8D37-4363-802A-140E32AC3E31}
		{6457A638-9F0F-426A-98BD-677F0877C941} = {66B5B637-8D37-4363-802A-140E32AC3E31}
	EndGlobalSection
	GlobalSection(SolutionConfigurationPlatforms) = preSolution
		Debug|Any CPU = Debug|Any CPU
		Release|Any CPU = Release|Any CPU
	EndGlobalSection
	GlobalSection(ProjectConfigurationPlatforms) = postSolution
		{1A28F205-4392-49D9-9AC5-D5DDF5B5E85A}.Debug|Any CPU.ActiveCfg = Debug|Any CPU
		{1A28F205-4392-49D9-9AC5-D5DDF5B5E85A}.Debug|Any CPU.Build.0 = Debug|Any CPU
		{1A28F205-4392-49D9-9AC5-D5DDF5B5E85A}.Release|Any CPU.ActiveCfg = Release|Any CPU
		{1A28F205-4392-49D9-9AC5-D5DDF5B5E85A}.Release|Any CPU.Build.0 = Release|Any CPU
		{13C20287-5A9F-4284-A5F6-EFCF3391D877}.Debug|Any CPU.ActiveCfg = Debug|Any CPU
		{13C20287-5A9F-4284-A5F6-EFCF3391D877}.Debug|Any CPU.Build.0 = Debug|Any CPU
		{13C20287-5A9F-4284-A5F6-EFCF3391D877}.Release|Any CPU.ActiveCfg = Release|Any CPU
		{13C20287-5A9F-4284-A5F6-EFCF3391D877}.Release|Any CPU.Build.0 = Release|Any CPU
		{EFA24F2B-A218-45AF-B744-381B3CB73605}.Debug|Any CPU.ActiveCfg = Debug|Any CPU
		{EFA24F2B-A218-45AF-B744-381B3CB73605}.Debug|Any CPU.Build.0 = Debug|Any CPU
		{EFA24F2B-A218-45AF-B744-381B3CB73605}.Release|Any CPU.ActiveCfg = Release|Any CPU
		{EFA24F2B-A218-45AF-B744-381B3CB73605}.Release|Any CPU.Build.0 = Release|Any CPU
		{428FDBEF-FCB7-4DC3-8A92-92E43C8FABB8}.Debug|Any CPU.ActiveCfg = Debug|Any CPU
		{428FDBEF-FCB7-4DC3-8A92-92E43C8FABB8}.Debug|Any CPU.Build.0 = Debug|Any CPU
		{428FDBEF-FCB7-4DC3-8A92-92E43C8FABB8}.Release|Any CPU.ActiveCfg = Release|Any CPU
		{428FDBEF-FCB7-4DC3-8A92-92E43C8FABB8}.Release|Any CPU.Build.0 = Release|Any CPU
		{72642B6F-117B-42D8-A7EF-1186B44269DB}.Debug|Any CPU.ActiveCfg = Debug|Any CPU
		{72642B6F-117B-42D8-A7EF-1186B44269DB}.Debug|Any CPU.Build.0 = Debug|Any CPU
		{72642B6F-117B-42D8-A7EF-1186B44269DB}.Release|Any CPU.ActiveCfg = Release|Any CPU
		{72642B6F-117B-42D8-A7EF-1186B44269DB}.Release|Any CPU.Build.0 = Release|Any CPU
		{2F0D1A85-BF03-48C3-A036-FFDCF356A04D}.Debug|Any CPU.ActiveCfg = Debug|Any CPU
		{2F0D1A85-BF03-48C3-A036-FFDCF356A04D}.Debug|Any CPU.Build.0 = Debug|Any CPU
		{2F0D1A85-BF03-48C3-A036-FFDCF356A04D}.Release|Any CPU.ActiveCfg = Release|Any CPU
		{2F0D1A85-BF03-48C3-A036-FFDCF356A04D}.Release|Any CPU.Build.0 = Release|Any CPU
		{E9B84E17-2760-432B-8645-64FFC255C533}.Debug|Any CPU.ActiveCfg = Debug|Any CPU
		{E9B84E17-2760-432B-8645-64FFC255C533}.Debug|Any CPU.Build.0 = Debug|Any CPU
		{E9B84E17-2760-432B-8645-64FFC255C533}.Release|Any CPU.ActiveCfg = Release|Any CPU
		{E9B84E17-2760-432B-8645-64FFC255C533}.Release|Any CPU.Build.0 = Release|Any CPU
		{B882D1A8-7ADA-4479-B252-B82D51FED0D8}.Debug|Any CPU.ActiveCfg = Debug|Any CPU
		{B882D1A8-7ADA-4479-B252-B82D51FED0D8}.Debug|Any CPU.Build.0 = Debug|Any CPU
		{B882D1A8-7ADA-4479-B252-B82D51FED0D8}.Release|Any CPU.ActiveCfg = Release|Any CPU
		{B882D1A8-7ADA-4479-B252-B82D51FED0D8}.Release|Any CPU.Build.0 = Release|Any CPU
		{8DAC0E78-A32D-4E7E-96F4-B6CD9EC05535}.Debug|Any CPU.ActiveCfg = Debug|Any CPU
		{8DAC0E78-A32D-4E7E-96F4-B6CD9EC05535}.Debug|Any CPU.Build.0 = Debug|Any CPU
		{8DAC0E78-A32D-4E7E-96F4-B6CD9EC05535}.Release|Any CPU.ActiveCfg = Release|Any CPU
		{8DAC0E78-A32D-4E7E-96F4-B6CD9EC05535}.Release|Any CPU.Build.0 = Release|Any CPU
		{F495C78F-3E50-4ED2-95ED-E6AC8DB64806}.Debug|Any CPU.ActiveCfg = Debug|Any CPU
		{F495C78F-3E50-4ED2-95ED-E6AC8DB64806}.Debug|Any CPU.Build.0 = Debug|Any CPU
		{F495C78F-3E50-4ED2-95ED-E6AC8DB64806}.Release|Any CPU.ActiveCfg = Release|Any CPU
		{F495C78F-3E50-4ED2-95ED-E6AC8DB64806}.Release|Any CPU.Build.0 = Release|Any CPU
		{77825888-5635-4DF3-A2D6-8FB22437B2B0}.Debug|Any CPU.ActiveCfg = Debug|Any CPU
		{77825888-5635-4DF3-A2D6-8FB22437B2B0}.Debug|Any CPU.Build.0 = Debug|Any CPU
		{77825888-5635-4DF3-A2D6-8FB22437B2B0}.Release|Any CPU.ActiveCfg = Release|Any CPU
		{77825888-5635-4DF3-A2D6-8FB22437B2B0}.Release|Any CPU.Build.0 = Release|Any CPU
		{6457A638-9F0F-426A-98BD-677F0877C941}.Debug|Any CPU.ActiveCfg = Debug|Any CPU
		{6457A638-9F0F-426A-98BD-677F0877C941}.Debug|Any CPU.Build.0 = Debug|Any CPU
		{6457A638-9F0F-426A-98BD-677F0877C941}.Release|Any CPU.ActiveCfg = Release|Any CPU
		{6457A638-9F0F-426A-98BD-677F0877C941}.Release|Any CPU.Build.0 = Release|Any CPU
	EndGlobalSection
	GlobalSection(SolutionProperties) = preSolution
		HideSolutionNode = FALSE
	EndGlobalSection
	GlobalSection(ExtensibilityGlobals) = postSolution
		SolutionGuid = {6D2FACF8-C85B-4E7F-9BB1-0355D1E09A2D}
	EndGlobalSection
EndGlobal
